// !$*UTF8*$!
{
	archiveVersion = 1;
	classes = {
	};
	objectVersion = 56;
	objects = {

/* Begin PBXBuildFile section */
		7A02F7492913A5260036A898 /* URL+Tools.swift in Sources */ = {isa = PBXBuildFile; fileRef = 7A02F7482913A5260036A898 /* URL+Tools.swift */; };
		7A1074752908C01900C13362 /* AppDelegate.swift in Sources */ = {isa = PBXBuildFile; fileRef = 7A1074742908C01900C13362 /* AppDelegate.swift */; };
		7A1074772908C01900C13362 /* SceneDelegate.swift in Sources */ = {isa = PBXBuildFile; fileRef = 7A1074762908C01900C13362 /* SceneDelegate.swift */; };
		7A1074792908C01900C13362 /* ViewController.swift in Sources */ = {isa = PBXBuildFile; fileRef = 7A1074782908C01900C13362 /* ViewController.swift */; };
		7A10747C2908C01900C13362 /* Main.storyboard in Resources */ = {isa = PBXBuildFile; fileRef = 7A10747A2908C01900C13362 /* Main.storyboard */; };
		7A10747E2908C01B00C13362 /* Assets.xcassets in Resources */ = {isa = PBXBuildFile; fileRef = 7A10747D2908C01B00C13362 /* Assets.xcassets */; };
		7A1074812908C01B00C13362 /* LaunchScreen.storyboard in Resources */ = {isa = PBXBuildFile; fileRef = 7A10747F2908C01B00C13362 /* LaunchScreen.storyboard */; };
		7A10748F2908F81000C13362 /* UnfairLock.swift in Sources */ = {isa = PBXBuildFile; fileRef = 7A10748E2908F81000C13362 /* UnfairLock.swift */; };
		7A1074912908F88000C13362 /* ReadWriteLock.swift in Sources */ = {isa = PBXBuildFile; fileRef = 7A1074902908F88000C13362 /* ReadWriteLock.swift */; };
		7A1074932908FABB00C13362 /* UIColor+Tools.swift in Sources */ = {isa = PBXBuildFile; fileRef = 7A1074922908FABB00C13362 /* UIColor+Tools.swift */; };
		7A1074952908FAEF00C13362 /* String+Tools.swift in Sources */ = {isa = PBXBuildFile; fileRef = 7A1074942908FAEF00C13362 /* String+Tools.swift */; };
		7A1074972908FB2100C13362 /* Character+Tools.swift in Sources */ = {isa = PBXBuildFile; fileRef = 7A1074962908FB2100C13362 /* Character+Tools.swift */; };
		7A1074992908FB6300C13362 /* UIBezierPath+Tools.swift in Sources */ = {isa = PBXBuildFile; fileRef = 7A1074982908FB6300C13362 /* UIBezierPath+Tools.swift */; };
		7A10749B2908FBA100C13362 /* UIApplication+Tools.swift in Sources */ = {isa = PBXBuildFile; fileRef = 7A10749A2908FBA100C13362 /* UIApplication+Tools.swift */; };
		7A10749D2908FBDD00C13362 /* FileManager+Tools.swift in Sources */ = {isa = PBXBuildFile; fileRef = 7A10749C2908FBDD00C13362 /* FileManager+Tools.swift */; };
		7A10749F2908FC7700C13362 /* UIDevice+Tools.swift in Sources */ = {isa = PBXBuildFile; fileRef = 7A10749E2908FC7700C13362 /* UIDevice+Tools.swift */; };
		7A1074A12909012D00C13362 /* DispatchQueue+Tools.swift in Sources */ = {isa = PBXBuildFile; fileRef = 7A1074A02909012D00C13362 /* DispatchQueue+Tools.swift */; };
		7A1074A32909019300C13362 /* GradientView.swift in Sources */ = {isa = PBXBuildFile; fileRef = 7A1074A22909019300C13362 /* GradientView.swift */; };
		7A1074A52909041E00C13362 /* UIImage+Tools.swift in Sources */ = {isa = PBXBuildFile; fileRef = 7A1074A42909041E00C13362 /* UIImage+Tools.swift */; };
		7A1074A92909061700C13362 /* Array+Tools.swift in Sources */ = {isa = PBXBuildFile; fileRef = 7A1074A82909061700C13362 /* Array+Tools.swift */; };
		7A1074AB2909073200C13362 /* DateFormatter+Tools.swift in Sources */ = {isa = PBXBuildFile; fileRef = 7A1074AA2909073200C13362 /* DateFormatter+Tools.swift */; };
		7A1074AD290908F000C13362 /* Encodable+Tools.swift in Sources */ = {isa = PBXBuildFile; fileRef = 7A1074AC290908F000C13362 /* Encodable+Tools.swift */; };
		7A1074AF2909090000C13362 /* Decodable+Tools.swift in Sources */ = {isa = PBXBuildFile; fileRef = 7A1074AE2909090000C13362 /* Decodable+Tools.swift */; };
		7A1074B129090C4F00C13362 /* Dictionary+Tools.swift in Sources */ = {isa = PBXBuildFile; fileRef = 7A1074B029090C4F00C13362 /* Dictionary+Tools.swift */; };
		7A1074B329091B1700C13362 /* WeakObject.swift in Sources */ = {isa = PBXBuildFile; fileRef = 7A1074B229091B1700C13362 /* WeakObject.swift */; };
		7A1074B529091CAD00C13362 /* Result+Tools.swift in Sources */ = {isa = PBXBuildFile; fileRef = 7A1074B429091CAD00C13362 /* Result+Tools.swift */; };
		7A107B0929091E1400C13362 /* Publisher+Tools.swift in Sources */ = {isa = PBXBuildFile; fileRef = 7A107B0829091E1400C13362 /* Publisher+Tools.swift */; };
		7A1087B129097C2800C13362 /* UIView+Tools.swift in Sources */ = {isa = PBXBuildFile; fileRef = 7A1087B029097C2800C13362 /* UIView+Tools.swift */; };
		7A501A2C2914EEEB00512E32 /* AssociatedObject.swift in Sources */ = {isa = PBXBuildFile; fileRef = 7A501A2B2914EEEB00512E32 /* AssociatedObject.swift */; };
		7A501A2E2914F43000512E32 /* KVO.swift in Sources */ = {isa = PBXBuildFile; fileRef = 7A501A2D2914F43000512E32 /* KVO.swift */; };
		7A9CAD70291DF02C00046466 /* NSLock+Tools.swift in Sources */ = {isa = PBXBuildFile; fileRef = 7A9CAD6F291DF02C00046466 /* NSLock+Tools.swift */; };
		7A9CAD72291DF07E00046466 /* Atomic.swift in Sources */ = {isa = PBXBuildFile; fileRef = 7A9CAD71291DF07E00046466 /* Atomic.swift */; };
		7ACA60502918F3F9009B502A /* GCDTimer.swift in Sources */ = {isa = PBXBuildFile; fileRef = 7ACA604F2918F3F9009B502A /* GCDTimer.swift */; };
		7AD0DC5F290C1C5C0010BBC8 /* HashHelper.swift in Sources */ = {isa = PBXBuildFile; fileRef = 7AD0DC5E290C1C5C0010BBC8 /* HashHelper.swift */; };
		7AD0E8F0290EB31D0010BBC8 /* Task+Tools.swift in Sources */ = {isa = PBXBuildFile; fileRef = 7AD0E8EF290EB31D0010BBC8 /* Task+Tools.swift */; };
/* End PBXBuildFile section */

/* Begin PBXFileReference section */
		7A02F7482913A5260036A898 /* URL+Tools.swift */ = {isa = PBXFileReference; lastKnownFileType = sourcecode.swift; path = "URL+Tools.swift"; sourceTree = "<group>"; };
		7A1074712908C01900C13362 /* SwiftCodeBook.app */ = {isa = PBXFileReference; explicitFileType = wrapper.application; includeInIndex = 0; path = SwiftCodeBook.app; sourceTree = BUILT_PRODUCTS_DIR; };
		7A1074742908C01900C13362 /* AppDelegate.swift */ = {isa = PBXFileReference; lastKnownFileType = sourcecode.swift; path = AppDelegate.swift; sourceTree = "<group>"; };
		7A1074762908C01900C13362 /* SceneDelegate.swift */ = {isa = PBXFileReference; lastKnownFileType = sourcecode.swift; path = SceneDelegate.swift; sourceTree = "<group>"; };
		7A1074782908C01900C13362 /* ViewController.swift */ = {isa = PBXFileReference; lastKnownFileType = sourcecode.swift; path = ViewController.swift; sourceTree = "<group>"; };
		7A10747B2908C01900C13362 /* Base */ = {isa = PBXFileReference; lastKnownFileType = file.storyboard; name = Base; path = Base.lproj/Main.storyboard; sourceTree = "<group>"; };
		7A10747D2908C01B00C13362 /* Assets.xcassets */ = {isa = PBXFileReference; lastKnownFileType = folder.assetcatalog; path = Assets.xcassets; sourceTree = "<group>"; };
		7A1074802908C01B00C13362 /* Base */ = {isa = PBXFileReference; lastKnownFileType = file.storyboard; name = Base; path = Base.lproj/LaunchScreen.storyboard; sourceTree = "<group>"; };
		7A1074822908C01B00C13362 /* Info.plist */ = {isa = PBXFileReference; lastKnownFileType = text.plist.xml; path = Info.plist; sourceTree = "<group>"; };
		7A10748E2908F81000C13362 /* UnfairLock.swift */ = {isa = PBXFileReference; lastKnownFileType = sourcecode.swift; path = UnfairLock.swift; sourceTree = "<group>"; };
		7A1074902908F88000C13362 /* ReadWriteLock.swift */ = {isa = PBXFileReference; lastKnownFileType = sourcecode.swift; path = ReadWriteLock.swift; sourceTree = "<group>"; };
		7A1074922908FABB00C13362 /* UIColor+Tools.swift */ = {isa = PBXFileReference; lastKnownFileType = sourcecode.swift; path = "UIColor+Tools.swift"; sourceTree = "<group>"; };
		7A1074942908FAEF00C13362 /* String+Tools.swift */ = {isa = PBXFileReference; lastKnownFileType = sourcecode.swift; path = "String+Tools.swift"; sourceTree = "<group>"; };
		7A1074962908FB2100C13362 /* Character+Tools.swift */ = {isa = PBXFileReference; lastKnownFileType = sourcecode.swift; path = "Character+Tools.swift"; sourceTree = "<group>"; };
		7A1074982908FB6300C13362 /* UIBezierPath+Tools.swift */ = {isa = PBXFileReference; lastKnownFileType = sourcecode.swift; path = "UIBezierPath+Tools.swift"; sourceTree = "<group>"; };
		7A10749A2908FBA100C13362 /* UIApplication+Tools.swift */ = {isa = PBXFileReference; lastKnownFileType = sourcecode.swift; path = "UIApplication+Tools.swift"; sourceTree = "<group>"; };
		7A10749C2908FBDD00C13362 /* FileManager+Tools.swift */ = {isa = PBXFileReference; lastKnownFileType = sourcecode.swift; path = "FileManager+Tools.swift"; sourceTree = "<group>"; };
		7A10749E2908FC7700C13362 /* UIDevice+Tools.swift */ = {isa = PBXFileReference; lastKnownFileType = sourcecode.swift; path = "UIDevice+Tools.swift"; sourceTree = "<group>"; };
		7A1074A02909012D00C13362 /* DispatchQueue+Tools.swift */ = {isa = PBXFileReference; lastKnownFileType = sourcecode.swift; path = "DispatchQueue+Tools.swift"; sourceTree = "<group>"; };
		7A1074A22909019300C13362 /* GradientView.swift */ = {isa = PBXFileReference; lastKnownFileType = sourcecode.swift; path = GradientView.swift; sourceTree = "<group>"; };
		7A1074A42909041E00C13362 /* UIImage+Tools.swift */ = {isa = PBXFileReference; lastKnownFileType = sourcecode.swift; path = "UIImage+Tools.swift"; sourceTree = "<group>"; };
		7A1074A82909061700C13362 /* Array+Tools.swift */ = {isa = PBXFileReference; lastKnownFileType = sourcecode.swift; path = "Array+Tools.swift"; sourceTree = "<group>"; };
		7A1074AA2909073200C13362 /* DateFormatter+Tools.swift */ = {isa = PBXFileReference; lastKnownFileType = sourcecode.swift; path = "DateFormatter+Tools.swift"; sourceTree = "<group>"; };
		7A1074AC290908F000C13362 /* Encodable+Tools.swift */ = {isa = PBXFileReference; lastKnownFileType = sourcecode.swift; path = "Encodable+Tools.swift"; sourceTree = "<group>"; };
		7A1074AE2909090000C13362 /* Decodable+Tools.swift */ = {isa = PBXFileReference; lastKnownFileType = sourcecode.swift; path = "Decodable+Tools.swift"; sourceTree = "<group>"; };
		7A1074B029090C4F00C13362 /* Dictionary+Tools.swift */ = {isa = PBXFileReference; lastKnownFileType = sourcecode.swift; path = "Dictionary+Tools.swift"; sourceTree = "<group>"; };
		7A1074B229091B1700C13362 /* WeakObject.swift */ = {isa = PBXFileReference; lastKnownFileType = sourcecode.swift; path = WeakObject.swift; sourceTree = "<group>"; };
		7A1074B429091CAD00C13362 /* Result+Tools.swift */ = {isa = PBXFileReference; lastKnownFileType = sourcecode.swift; path = "Result+Tools.swift"; sourceTree = "<group>"; };
		7A107B0829091E1400C13362 /* Publisher+Tools.swift */ = {isa = PBXFileReference; lastKnownFileType = sourcecode.swift; path = "Publisher+Tools.swift"; sourceTree = "<group>"; };
		7A1087B029097C2800C13362 /* UIView+Tools.swift */ = {isa = PBXFileReference; lastKnownFileType = sourcecode.swift; path = "UIView+Tools.swift"; sourceTree = "<group>"; };
		7A501A2B2914EEEB00512E32 /* AssociatedObject.swift */ = {isa = PBXFileReference; lastKnownFileType = sourcecode.swift; path = AssociatedObject.swift; sourceTree = "<group>"; };
		7A501A2D2914F43000512E32 /* KVO.swift */ = {isa = PBXFileReference; lastKnownFileType = sourcecode.swift; path = KVO.swift; sourceTree = "<group>"; };
		7A9CAD6F291DF02C00046466 /* NSLock+Tools.swift */ = {isa = PBXFileReference; lastKnownFileType = sourcecode.swift; path = "NSLock+Tools.swift"; sourceTree = "<group>"; };
		7A9CAD71291DF07E00046466 /* Atomic.swift */ = {isa = PBXFileReference; lastKnownFileType = sourcecode.swift; path = Atomic.swift; sourceTree = "<group>"; };
		7ACA604F2918F3F9009B502A /* GCDTimer.swift */ = {isa = PBXFileReference; lastKnownFileType = sourcecode.swift; path = GCDTimer.swift; sourceTree = "<group>"; };
		7AD0DC5E290C1C5C0010BBC8 /* HashHelper.swift */ = {isa = PBXFileReference; lastKnownFileType = sourcecode.swift; path = HashHelper.swift; sourceTree = "<group>"; };
		7AD0E8EF290EB31D0010BBC8 /* Task+Tools.swift */ = {isa = PBXFileReference; lastKnownFileType = sourcecode.swift; path = "Task+Tools.swift"; sourceTree = "<group>"; };
/* End PBXFileReference section */

/* Begin PBXFrameworksBuildPhase section */
		7A10746E2908C01900C13362 /* Frameworks */ = {
			isa = PBXFrameworksBuildPhase;
			buildActionMask = 2147483647;
			files = (
			);
			runOnlyForDeploymentPostprocessing = 0;
		};
/* End PBXFrameworksBuildPhase section */

/* Begin PBXGroup section */
		7A1074682908C01900C13362 = {
			isa = PBXGroup;
			children = (
				7A1074732908C01900C13362 /* SwiftCodeBook */,
				7A1074722908C01900C13362 /* Products */,
			);
			sourceTree = "<group>";
		};
		7A1074722908C01900C13362 /* Products */ = {
			isa = PBXGroup;
			children = (
				7A1074712908C01900C13362 /* SwiftCodeBook.app */,
			);
			name = Products;
			sourceTree = "<group>";
		};
		7A1074732908C01900C13362 /* SwiftCodeBook */ = {
			isa = PBXGroup;
			children = (
				7A1074782908C01900C13362 /* ViewController.swift */,
				7A1074892908C05C00C13362 /* Source */,
				7A1074882908C04A00C13362 /* Support */,
				7A1074822908C01B00C13362 /* Info.plist */,
			);
			path = SwiftCodeBook;
			sourceTree = "<group>";
		};
		7A1074882908C04A00C13362 /* Support */ = {
			isa = PBXGroup;
			children = (
				7A1074762908C01900C13362 /* SceneDelegate.swift */,
				7A1074742908C01900C13362 /* AppDelegate.swift */,
				7A10747A2908C01900C13362 /* Main.storyboard */,
				7A10747D2908C01B00C13362 /* Assets.xcassets */,
				7A10747F2908C01B00C13362 /* LaunchScreen.storyboard */,
			);
			path = Support;
			sourceTree = "<group>";
		};
		7A1074892908C05C00C13362 /* Source */ = {
			isa = PBXGroup;
			children = (
				7A501A2A2914EECB00512E32 /* UseCase */,
				7A10748C2908C08A00C13362 /* Foundation */,
				7A10748B2908C08500C13362 /* View */,
				7A10748A2908C07D00C13362 /* Extension */,
			);
			path = Source;
			sourceTree = "<group>";
		};
		7A10748A2908C07D00C13362 /* Extension */ = {
			isa = PBXGroup;
			children = (
				7A1074A6290905E500C13362 /* Foundation */,
				7A1074A7290905F100C13362 /* UIKit */,
			);
			path = Extension;
			sourceTree = "<group>";
		};
		7A10748B2908C08500C13362 /* View */ = {
			isa = PBXGroup;
			children = (
				7A1074A22909019300C13362 /* GradientView.swift */,
			);
			path = View;
			sourceTree = "<group>";
		};
		7A10748C2908C08A00C13362 /* Foundation */ = {
			isa = PBXGroup;
			children = (
				7A10748D2908C0B300C13362 /* Lock */,
				7A1074B229091B1700C13362 /* WeakObject.swift */,
				7AD0DC5E290C1C5C0010BBC8 /* HashHelper.swift */,
				7ACA604F2918F3F9009B502A /* GCDTimer.swift */,
			);
			path = Foundation;
			sourceTree = "<group>";
		};
		7A10748D2908C0B300C13362 /* Lock */ = {
			isa = PBXGroup;
			children = (
				7A10748E2908F81000C13362 /* UnfairLock.swift */,
				7A1074902908F88000C13362 /* ReadWriteLock.swift */,
				7A9CAD71291DF07E00046466 /* Atomic.swift */,
			);
			path = Lock;
			sourceTree = "<group>";
		};
		7A1074A6290905E500C13362 /* Foundation */ = {
			isa = PBXGroup;
			children = (
				7A1074942908FAEF00C13362 /* String+Tools.swift */,
				7A1074962908FB2100C13362 /* Character+Tools.swift */,
				7A1074A82909061700C13362 /* Array+Tools.swift */,
				7A1074B029090C4F00C13362 /* Dictionary+Tools.swift */,
				7A1074AA2909073200C13362 /* DateFormatter+Tools.swift */,
				7A1074A02909012D00C13362 /* DispatchQueue+Tools.swift */,
				7A10749C2908FBDD00C13362 /* FileManager+Tools.swift */,
				7A1074AC290908F000C13362 /* Encodable+Tools.swift */,
				7A1074AE2909090000C13362 /* Decodable+Tools.swift */,
				7A02F7482913A5260036A898 /* URL+Tools.swift */,
				7A9CAD6F291DF02C00046466 /* NSLock+Tools.swift */,
				7A1074B429091CAD00C13362 /* Result+Tools.swift */,
				7A107B0829091E1400C13362 /* Publisher+Tools.swift */,
				7AD0E8EF290EB31D0010BBC8 /* Task+Tools.swift */,
			);
			path = Foundation;
			sourceTree = "<group>";
		};
		7A1074A7290905F100C13362 /* UIKit */ = {
			isa = PBXGroup;
			children = (
				7A1087B029097C2800C13362 /* UIView+Tools.swift */,
				7A1074922908FABB00C13362 /* UIColor+Tools.swift */,
				7A1074982908FB6300C13362 /* UIBezierPath+Tools.swift */,
				7A10749A2908FBA100C13362 /* UIApplication+Tools.swift */,
				7A10749E2908FC7700C13362 /* UIDevice+Tools.swift */,
				7A1074A42909041E00C13362 /* UIImage+Tools.swift */,
			);
			path = UIKit;
			sourceTree = "<group>";
		};
		7A501A2A2914EECB00512E32 /* UseCase */ = {
			isa = PBXGroup;
			children = (
				7A501A2D2914F43000512E32 /* KVO.swift */,
				7A501A2B2914EEEB00512E32 /* AssociatedObject.swift */,
			);
			path = UseCase;
			sourceTree = "<group>";
		};
/* End PBXGroup section */

/* Begin PBXNativeTarget section */
		7A1074702908C01900C13362 /* SwiftCodeBook */ = {
			isa = PBXNativeTarget;
			buildConfigurationList = 7A1074852908C01B00C13362 /* Build configuration list for PBXNativeTarget "SwiftCodeBook" */;
			buildPhases = (
				7A10746D2908C01900C13362 /* Sources */,
				7A10746E2908C01900C13362 /* Frameworks */,
				7A10746F2908C01900C13362 /* Resources */,
			);
			buildRules = (
			);
			dependencies = (
			);
			name = SwiftCodeBook;
			productName = SwiftCodeBook;
			productReference = 7A1074712908C01900C13362 /* SwiftCodeBook.app */;
			productType = "com.apple.product-type.application";
		};
/* End PBXNativeTarget section */

/* Begin PBXProject section */
		7A1074692908C01900C13362 /* Project object */ = {
			isa = PBXProject;
			attributes = {
				BuildIndependentTargetsInParallel = 1;
				LastSwiftUpdateCheck = 1400;
				LastUpgradeCheck = 1400;
				TargetAttributes = {
					7A1074702908C01900C13362 = {
						CreatedOnToolsVersion = 14.0.1;
					};
				};
			};
			buildConfigurationList = 7A10746C2908C01900C13362 /* Build configuration list for PBXProject "SwiftCodeBook" */;
			compatibilityVersion = "Xcode 14.0";
			developmentRegion = en;
			hasScannedForEncodings = 0;
			knownRegions = (
				en,
				Base,
			);
			mainGroup = 7A1074682908C01900C13362;
			productRefGroup = 7A1074722908C01900C13362 /* Products */;
			projectDirPath = "";
			projectRoot = "";
			targets = (
				7A1074702908C01900C13362 /* SwiftCodeBook */,
			);
		};
/* End PBXProject section */

/* Begin PBXResourcesBuildPhase section */
		7A10746F2908C01900C13362 /* Resources */ = {
			isa = PBXResourcesBuildPhase;
			buildActionMask = 2147483647;
			files = (
				7A1074812908C01B00C13362 /* LaunchScreen.storyboard in Resources */,
				7A10747E2908C01B00C13362 /* Assets.xcassets in Resources */,
				7A10747C2908C01900C13362 /* Main.storyboard in Resources */,
			);
			runOnlyForDeploymentPostprocessing = 0;
		};
/* End PBXResourcesBuildPhase section */

/* Begin PBXSourcesBuildPhase section */
		7A10746D2908C01900C13362 /* Sources */ = {
			isa = PBXSourcesBuildPhase;
			buildActionMask = 2147483647;
			files = (
				7A1074792908C01900C13362 /* ViewController.swift in Sources */,
				7A1074B129090C4F00C13362 /* Dictionary+Tools.swift in Sources */,
				7A1087B129097C2800C13362 /* UIView+Tools.swift in Sources */,
				7A10749F2908FC7700C13362 /* UIDevice+Tools.swift in Sources */,
				7A9CAD72291DF07E00046466 /* Atomic.swift in Sources */,
				7A501A2C2914EEEB00512E32 /* AssociatedObject.swift in Sources */,
				7A1074972908FB2100C13362 /* Character+Tools.swift in Sources */,
				7A1074B529091CAD00C13362 /* Result+Tools.swift in Sources */,
				7A10749B2908FBA100C13362 /* UIApplication+Tools.swift in Sources */,
				7A1074A32909019300C13362 /* GradientView.swift in Sources */,
				7A1074AD290908F000C13362 /* Encodable+Tools.swift in Sources */,
				7A10748F2908F81000C13362 /* UnfairLock.swift in Sources */,
				7AD0E8F0290EB31D0010BBC8 /* Task+Tools.swift in Sources */,
				7A1074A12909012D00C13362 /* DispatchQueue+Tools.swift in Sources */,
				7A1074A92909061700C13362 /* Array+Tools.swift in Sources */,
				7A9CAD70291DF02C00046466 /* NSLock+Tools.swift in Sources */,
				7A1074952908FAEF00C13362 /* String+Tools.swift in Sources */,
				7A10749D2908FBDD00C13362 /* FileManager+Tools.swift in Sources */,
				7A107B0929091E1400C13362 /* Publisher+Tools.swift in Sources */,
				7A1074752908C01900C13362 /* AppDelegate.swift in Sources */,
				7A1074992908FB6300C13362 /* UIBezierPath+Tools.swift in Sources */,
				7A02F7492913A5260036A898 /* URL+Tools.swift in Sources */,
				7A1074B329091B1700C13362 /* WeakObject.swift in Sources */,
				7A1074932908FABB00C13362 /* UIColor+Tools.swift in Sources */,
				7A1074AF2909090000C13362 /* Decodable+Tools.swift in Sources */,
				7A1074AB2909073200C13362 /* DateFormatter+Tools.swift in Sources */,
				7A1074772908C01900C13362 /* SceneDelegate.swift in Sources */,
				7A1074912908F88000C13362 /* ReadWriteLock.swift in Sources */,
				7AD0DC5F290C1C5C0010BBC8 /* HashHelper.swift in Sources */,
				7A1074A52909041E00C13362 /* UIImage+Tools.swift in Sources */,
				7ACA60502918F3F9009B502A /* GCDTimer.swift in Sources */,
				7A501A2E2914F43000512E32 /* KVO.swift in Sources */,
			);
			runOnlyForDeploymentPostprocessing = 0;
		};
/* End PBXSourcesBuildPhase section */

/* Begin PBXVariantGroup section */
		7A10747A2908C01900C13362 /* Main.storyboard */ = {
			isa = PBXVariantGroup;
			children = (
				7A10747B2908C01900C13362 /* Base */,
			);
			name = Main.storyboard;
			sourceTree = "<group>";
		};
		7A10747F2908C01B00C13362 /* LaunchScreen.storyboard */ = {
			isa = PBXVariantGroup;
			children = (
				7A1074802908C01B00C13362 /* Base */,
			);
			name = LaunchScreen.storyboard;
			sourceTree = "<group>";
		};
/* End PBXVariantGroup section */

/* Begin XCBuildConfiguration section */
		7A1074832908C01B00C13362 /* Debug */ = {
			isa = XCBuildConfiguration;
			buildSettings = {
				ALWAYS_SEARCH_USER_PATHS = NO;
				CLANG_ANALYZER_NONNULL = YES;
				CLANG_ANALYZER_NUMBER_OBJECT_CONVERSION = YES_AGGRESSIVE;
				CLANG_CXX_LANGUAGE_STANDARD = "gnu++20";
				CLANG_ENABLE_MODULES = YES;
				CLANG_ENABLE_OBJC_ARC = YES;
				CLANG_ENABLE_OBJC_WEAK = YES;
				CLANG_WARN_BLOCK_CAPTURE_AUTORELEASING = YES;
				CLANG_WARN_BOOL_CONVERSION = YES;
				CLANG_WARN_COMMA = YES;
				CLANG_WARN_CONSTANT_CONVERSION = YES;
				CLANG_WARN_DEPRECATED_OBJC_IMPLEMENTATIONS = YES;
				CLANG_WARN_DIRECT_OBJC_ISA_USAGE = YES_ERROR;
				CLANG_WARN_DOCUMENTATION_COMMENTS = YES;
				CLANG_WARN_EMPTY_BODY = YES;
				CLANG_WARN_ENUM_CONVERSION = YES;
				CLANG_WARN_INFINITE_RECURSION = YES;
				CLANG_WARN_INT_CONVERSION = YES;
				CLANG_WARN_NON_LITERAL_NULL_CONVERSION = YES;
				CLANG_WARN_OBJC_IMPLICIT_RETAIN_SELF = YES;
				CLANG_WARN_OBJC_LITERAL_CONVERSION = YES;
				CLANG_WARN_OBJC_ROOT_CLASS = YES_ERROR;
				CLANG_WARN_QUOTED_INCLUDE_IN_FRAMEWORK_HEADER = YES;
				CLANG_WARN_RANGE_LOOP_ANALYSIS = YES;
				CLANG_WARN_STRICT_PROTOTYPES = YES;
				CLANG_WARN_SUSPICIOUS_MOVE = YES;
				CLANG_WARN_UNGUARDED_AVAILABILITY = YES_AGGRESSIVE;
				CLANG_WARN_UNREACHABLE_CODE = YES;
				CLANG_WARN__DUPLICATE_METHOD_MATCH = YES;
				COPY_PHASE_STRIP = NO;
				DEBUG_INFORMATION_FORMAT = dwarf;
				ENABLE_STRICT_OBJC_MSGSEND = YES;
				ENABLE_TESTABILITY = YES;
				GCC_C_LANGUAGE_STANDARD = gnu11;
				GCC_DYNAMIC_NO_PIC = NO;
				GCC_NO_COMMON_BLOCKS = YES;
				GCC_OPTIMIZATION_LEVEL = 0;
				GCC_PREPROCESSOR_DEFINITIONS = (
					"DEBUG=1",
					"$(inherited)",
				);
				GCC_WARN_64_TO_32_BIT_CONVERSION = YES;
				GCC_WARN_ABOUT_RETURN_TYPE = YES_ERROR;
				GCC_WARN_UNDECLARED_SELECTOR = YES;
				GCC_WARN_UNINITIALIZED_AUTOS = YES_AGGRESSIVE;
				GCC_WARN_UNUSED_FUNCTION = YES;
				GCC_WARN_UNUSED_VARIABLE = YES;
				IPHONEOS_DEPLOYMENT_TARGET = 16.0;
				MTL_ENABLE_DEBUG_INFO = INCLUDE_SOURCE;
				MTL_FAST_MATH = YES;
				ONLY_ACTIVE_ARCH = YES;
				SDKROOT = iphoneos;
				SWIFT_ACTIVE_COMPILATION_CONDITIONS = DEBUG;
				SWIFT_OPTIMIZATION_LEVEL = "-Onone";
			};
			name = Debug;
		};
		7A1074842908C01B00C13362 /* Release */ = {
			isa = XCBuildConfiguration;
			buildSettings = {
				ALWAYS_SEARCH_USER_PATHS = NO;
				CLANG_ANALYZER_NONNULL = YES;
				CLANG_ANALYZER_NUMBER_OBJECT_CONVERSION = YES_AGGRESSIVE;
				CLANG_CXX_LANGUAGE_STANDARD = "gnu++20";
				CLANG_ENABLE_MODULES = YES;
				CLANG_ENABLE_OBJC_ARC = YES;
				CLANG_ENABLE_OBJC_WEAK = YES;
				CLANG_WARN_BLOCK_CAPTURE_AUTORELEASING = YES;
				CLANG_WARN_BOOL_CONVERSION = YES;
				CLANG_WARN_COMMA = YES;
				CLANG_WARN_CONSTANT_CONVERSION = YES;
				CLANG_WARN_DEPRECATED_OBJC_IMPLEMENTATIONS = YES;
				CLANG_WARN_DIRECT_OBJC_ISA_USAGE = YES_ERROR;
				CLANG_WARN_DOCUMENTATION_COMMENTS = YES;
				CLANG_WARN_EMPTY_BODY = YES;
				CLANG_WARN_ENUM_CONVERSION = YES;
				CLANG_WARN_INFINITE_RECURSION = YES;
				CLANG_WARN_INT_CONVERSION = YES;
				CLANG_WARN_NON_LITERAL_NULL_CONVERSION = YES;
				CLANG_WARN_OBJC_IMPLICIT_RETAIN_SELF = YES;
				CLANG_WARN_OBJC_LITERAL_CONVERSION = YES;
				CLANG_WARN_OBJC_ROOT_CLASS = YES_ERROR;
				CLANG_WARN_QUOTED_INCLUDE_IN_FRAMEWORK_HEADER = YES;
				CLANG_WARN_RANGE_LOOP_ANALYSIS = YES;
				CLANG_WARN_STRICT_PROTOTYPES = YES;
				CLANG_WARN_SUSPICIOUS_MOVE = YES;
				CLANG_WARN_UNGUARDED_AVAILABILITY = YES_AGGRESSIVE;
				CLANG_WARN_UNREACHABLE_CODE = YES;
				CLANG_WARN__DUPLICATE_METHOD_MATCH = YES;
				COPY_PHASE_STRIP = NO;
				DEBUG_INFORMATION_FORMAT = "dwarf-with-dsym";
				ENABLE_NS_ASSERTIONS = NO;
				ENABLE_STRICT_OBJC_MSGSEND = YES;
				GCC_C_LANGUAGE_STANDARD = gnu11;
				GCC_NO_COMMON_BLOCKS = YES;
				GCC_WARN_64_TO_32_BIT_CONVERSION = YES;
				GCC_WARN_ABOUT_RETURN_TYPE = YES_ERROR;
				GCC_WARN_UNDECLARED_SELECTOR = YES;
				GCC_WARN_UNINITIALIZED_AUTOS = YES_AGGRESSIVE;
				GCC_WARN_UNUSED_FUNCTION = YES;
				GCC_WARN_UNUSED_VARIABLE = YES;
				IPHONEOS_DEPLOYMENT_TARGET = 16.0;
				MTL_ENABLE_DEBUG_INFO = NO;
				MTL_FAST_MATH = YES;
				SDKROOT = iphoneos;
				SWIFT_COMPILATION_MODE = wholemodule;
				SWIFT_OPTIMIZATION_LEVEL = "-O";
				VALIDATE_PRODUCT = YES;
			};
			name = Release;
		};
		7A1074862908C01B00C13362 /* Debug */ = {
			isa = XCBuildConfiguration;
			buildSettings = {
				ASSETCATALOG_COMPILER_APPICON_NAME = AppIcon;
				ASSETCATALOG_COMPILER_GLOBAL_ACCENT_COLOR_NAME = AccentColor;
				CODE_SIGN_STYLE = Automatic;
				CURRENT_PROJECT_VERSION = 1;
				DEVELOPMENT_TEAM = V9YTC5D8QQ;
				GENERATE_INFOPLIST_FILE = YES;
				INFOPLIST_FILE = SwiftCodeBook/Info.plist;
				INFOPLIST_KEY_UIApplicationSupportsIndirectInputEvents = YES;
				INFOPLIST_KEY_UILaunchStoryboardName = LaunchScreen;
				INFOPLIST_KEY_UIMainStoryboardFile = Main;
				INFOPLIST_KEY_UISupportedInterfaceOrientations_iPad = "UIInterfaceOrientationPortrait UIInterfaceOrientationPortraitUpsideDown UIInterfaceOrientationLandscapeLeft UIInterfaceOrientationLandscapeRight";
				INFOPLIST_KEY_UISupportedInterfaceOrientations_iPhone = "UIInterfaceOrientationPortrait UIInterfaceOrientationLandscapeLeft UIInterfaceOrientationLandscapeRight";
				LD_RUNPATH_SEARCH_PATHS = (
					"$(inherited)",
					"@executable_path/Frameworks",
				);
				MARKETING_VERSION = 1.0;
				PRODUCT_BUNDLE_IDENTIFIER = SwiftCodeBook.SwiftCodeBook;
				PRODUCT_NAME = "$(TARGET_NAME)";
				SWIFT_EMIT_LOC_STRINGS = YES;
				SWIFT_VERSION = 5.0;
				TARGETED_DEVICE_FAMILY = "1,2";
			};
			name = Debug;
		};
		7A1074872908C01B00C13362 /* Release */ = {
			isa = XCBuildConfiguration;
			buildSettings = {
				ASSETCATALOG_COMPILER_APPICON_NAME = AppIcon;
				ASSETCATALOG_COMPILER_GLOBAL_ACCENT_COLOR_NAME = AccentColor;
				CODE_SIGN_STYLE = Automatic;
				CURRENT_PROJECT_VERSION = 1;
				DEVELOPMENT_TEAM = V9YTC5D8QQ;
				GENERATE_INFOPLIST_FILE = YES;
				INFOPLIST_FILE = SwiftCodeBook/Info.plist;
				INFOPLIST_KEY_UIApplicationSupportsIndirectInputEvents = YES;
				INFOPLIST_KEY_UILaunchStoryboardName = LaunchScreen;
				INFOPLIST_KEY_UIMainStoryboardFile = Main;
				INFOPLIST_KEY_UISupportedInterfaceOrientations_iPad = "UIInterfaceOrientationPortrait UIInterfaceOrientationPortraitUpsideDown UIInterfaceOrientationLandscapeLeft UIInterfaceOrientationLandscapeRight";
				INFOPLIST_KEY_UISupportedInterfaceOrientations_iPhone = "UIInterfaceOrientationPortrait UIInterfaceOrientationLandscapeLeft UIInterfaceOrientationLandscapeRight";
				LD_RUNPATH_SEARCH_PATHS = (
					"$(inherited)",
					"@executable_path/Frameworks",
				);
				MARKETING_VERSION = 1.0;
				PRODUCT_BUNDLE_IDENTIFIER = SwiftCodeBook.SwiftCodeBook;
				PRODUCT_NAME = "$(TARGET_NAME)";
				SWIFT_EMIT_LOC_STRINGS = YES;
				SWIFT_VERSION = 5.0;
				TARGETED_DEVICE_FAMILY = "1,2";
			};
			name = Release;
		};
/* End XCBuildConfiguration section */

/* Begin XCConfigurationList section */
		7A10746C2908C01900C13362 /* Build configuration list for PBXProject "SwiftCodeBook" */ = {
			isa = XCConfigurationList;
			buildConfigurations = (
				7A1074832908C01B00C13362 /* Debug */,
				7A1074842908C01B00C13362 /* Release */,
			);
			defaultConfigurationIsVisible = 0;
			defaultConfigurationName = Release;
		};
		7A1074852908C01B00C13362 /* Build configuration list for PBXNativeTarget "SwiftCodeBook" */ = {
			isa = XCConfigurationList;
			buildConfigurations = (
				7A1074862908C01B00C13362 /* Debug */,
				7A1074872908C01B00C13362 /* Release */,
			);
			defaultConfigurationIsVisible = 0;
			defaultConfigurationName = Release;
		};
/* End XCConfigurationList section */
	};
	rootObject = 7A1074692908C01900C13362 /* Project object */;
}
