// !$*UTF8*$!
{
	archiveVersion = 1;
	classes = {
	};
	objectVersion = 77;
	objects = {

/* Begin PBXBuildFile section */
		7A02F7492913A5260036A898 /* URL+Tools.swift in Sources */ = {isa = PBXBuildFile; fileRef = 7A02F7482913A5260036A898 /* URL+Tools.swift */; };
		7A0752082BA8124A00A575C5 /* StringRegularExpression.swift in Sources */ = {isa = PBXBuildFile; fileRef = 7A0752072BA8124A00A575C5 /* StringRegularExpression.swift */; };
		7A08D21A2B16DDFC00DE9BCC /* CompareEnum.swift in Sources */ = {isa = PBXBuildFile; fileRef = 7A08D2192B16DDFC00DE9BCC /* CompareEnum.swift */; };
		7A0ACC272A4D569D00F8F19A /* NSAttributedString+Tools.swift in Sources */ = {isa = PBXBuildFile; fileRef = 7A0ACC262A4D569D00F8F19A /* NSAttributedString+Tools.swift */; };
		7A0AE4AA2A4D7F9C00F8F19A /* SafeLazy.swift in Sources */ = {isa = PBXBuildFile; fileRef = 7A0AE4A92A4D7F9C00F8F19A /* SafeLazy.swift */; };
		7A1074752908C01900C13362 /* AppDelegate.swift in Sources */ = {isa = PBXBuildFile; fileRef = 7A1074742908C01900C13362 /* AppDelegate.swift */; };
		7A1074772908C01900C13362 /* SceneDelegate.swift in Sources */ = {isa = PBXBuildFile; fileRef = 7A1074762908C01900C13362 /* SceneDelegate.swift */; };
		7A1074792908C01900C13362 /* ViewController.swift in Sources */ = {isa = PBXBuildFile; fileRef = 7A1074782908C01900C13362 /* ViewController.swift */; };
		7A10747C2908C01900C13362 /* Main.storyboard in Resources */ = {isa = PBXBuildFile; fileRef = 7A10747A2908C01900C13362 /* Main.storyboard */; };
		7A10747E2908C01B00C13362 /* Assets.xcassets in Resources */ = {isa = PBXBuildFile; fileRef = 7A10747D2908C01B00C13362 /* Assets.xcassets */; };
		7A1074812908C01B00C13362 /* LaunchScreen.storyboard in Resources */ = {isa = PBXBuildFile; fileRef = 7A10747F2908C01B00C13362 /* LaunchScreen.storyboard */; };
		7A1074932908FABB00C13362 /* UIColor+Tools.swift in Sources */ = {isa = PBXBuildFile; fileRef = 7A1074922908FABB00C13362 /* UIColor+Tools.swift */; };
		7A1074952908FAEF00C13362 /* String+Tools.swift in Sources */ = {isa = PBXBuildFile; fileRef = 7A1074942908FAEF00C13362 /* String+Tools.swift */; };
		7A1074972908FB2100C13362 /* Character+Tools.swift in Sources */ = {isa = PBXBuildFile; fileRef = 7A1074962908FB2100C13362 /* Character+Tools.swift */; };
		7A1074992908FB6300C13362 /* UIBezierPath+Tools.swift in Sources */ = {isa = PBXBuildFile; fileRef = 7A1074982908FB6300C13362 /* UIBezierPath+Tools.swift */; };
		7A10749B2908FBA100C13362 /* UIApplication+Tools.swift in Sources */ = {isa = PBXBuildFile; fileRef = 7A10749A2908FBA100C13362 /* UIApplication+Tools.swift */; };
		7A10749D2908FBDD00C13362 /* FileManager+Tools.swift in Sources */ = {isa = PBXBuildFile; fileRef = 7A10749C2908FBDD00C13362 /* FileManager+Tools.swift */; };
		7A10749F2908FC7700C13362 /* UIDevice+Tools.swift in Sources */ = {isa = PBXBuildFile; fileRef = 7A10749E2908FC7700C13362 /* UIDevice+Tools.swift */; };
		7A1074A12909012D00C13362 /* DispatchQueue+Tools.swift in Sources */ = {isa = PBXBuildFile; fileRef = 7A1074A02909012D00C13362 /* DispatchQueue+Tools.swift */; };
		7A1074A32909019300C13362 /* GradientView.swift in Sources */ = {isa = PBXBuildFile; fileRef = 7A1074A22909019300C13362 /* GradientView.swift */; };
		7A1074A52909041E00C13362 /* UIImage+Tools.swift in Sources */ = {isa = PBXBuildFile; fileRef = 7A1074A42909041E00C13362 /* UIImage+Tools.swift */; };
		7A1074A92909061700C13362 /* Array+Tools.swift in Sources */ = {isa = PBXBuildFile; fileRef = 7A1074A82909061700C13362 /* Array+Tools.swift */; };
		7A1074AD290908F000C13362 /* Encodable+Tools.swift in Sources */ = {isa = PBXBuildFile; fileRef = 7A1074AC290908F000C13362 /* Encodable+Tools.swift */; };
		7A1074AF2909090000C13362 /* Decodable+Tools.swift in Sources */ = {isa = PBXBuildFile; fileRef = 7A1074AE2909090000C13362 /* Decodable+Tools.swift */; };
		7A1074B129090C4F00C13362 /* Dictionary+Tools.swift in Sources */ = {isa = PBXBuildFile; fileRef = 7A1074B029090C4F00C13362 /* Dictionary+Tools.swift */; };
		7A1074B329091B1700C13362 /* WeakObject.swift in Sources */ = {isa = PBXBuildFile; fileRef = 7A1074B229091B1700C13362 /* WeakObject.swift */; };
		7A1074B529091CAD00C13362 /* Result+Tools.swift in Sources */ = {isa = PBXBuildFile; fileRef = 7A1074B429091CAD00C13362 /* Result+Tools.swift */; };
		7A107B0929091E1400C13362 /* Publisher+Tools.swift in Sources */ = {isa = PBXBuildFile; fileRef = 7A107B0829091E1400C13362 /* Publisher+Tools.swift */; };
		7A1087B129097C2800C13362 /* UIView+Tools.swift in Sources */ = {isa = PBXBuildFile; fileRef = 7A1087B029097C2800C13362 /* UIView+Tools.swift */; };
		7A20D003294D9C560076F89A /* UIImageView.contentMode.swift in Sources */ = {isa = PBXBuildFile; fileRef = 7A20D002294D9C560076F89A /* UIImageView.contentMode.swift */; };
		7A20D005294DA8730076F89A /* AutoLayoutDoAnimation.swift in Sources */ = {isa = PBXBuildFile; fileRef = 7A20D004294DA8730076F89A /* AutoLayoutDoAnimation.swift */; };
		7A20D008294DADCB0076F89A /* GlobalGray.swift in Sources */ = {isa = PBXBuildFile; fileRef = 7A20D007294DADCB0076F89A /* GlobalGray.swift */; };
		7A34972929EE71A100A692C7 /* NSNumber+Tools.swift in Sources */ = {isa = PBXBuildFile; fileRef = 7A34972829EE71A100A692C7 /* NSNumber+Tools.swift */; };
		7A3B17AE2BFC3F0D0092F0C5 /* SwitchType.swift in Sources */ = {isa = PBXBuildFile; fileRef = 7A3B17AD2BFC3F0D0092F0C5 /* SwitchType.swift */; };
		7A4CB27A2CCA37F300820147 /* Spacer+Tools.swift in Sources */ = {isa = PBXBuildFile; fileRef = 7A4CB2792CCA37F300820147 /* Spacer+Tools.swift */; };
		7A4D412F2977D668002C58B4 /* UIStackView+Tools.swift in Sources */ = {isa = PBXBuildFile; fileRef = 7A4D412E2977D668002C58B4 /* UIStackView+Tools.swift */; };
		7A501A2C2914EEEB00512E32 /* AssociatedObject.swift in Sources */ = {isa = PBXBuildFile; fileRef = 7A501A2B2914EEEB00512E32 /* AssociatedObject.swift */; };
		7A501A2E2914F43000512E32 /* KVO.swift in Sources */ = {isa = PBXBuildFile; fileRef = 7A501A2D2914F43000512E32 /* KVO.swift */; };
		7A51D2AD29CC4394007C3684 /* ISO8601Codable.swift in Sources */ = {isa = PBXBuildFile; fileRef = 7A51D2AC29CC4394007C3684 /* ISO8601Codable.swift */; };
		7A6227C52BCD0A4E00E33417 /* ConvertNSAttributedString.swift in Sources */ = {isa = PBXBuildFile; fileRef = 7A6227C42BCD0A4E00E33417 /* ConvertNSAttributedString.swift */; };
		7A6227C82BCD121800E33417 /* WillDidMove.swift in Sources */ = {isa = PBXBuildFile; fileRef = 7A6227C72BCD121800E33417 /* WillDidMove.swift */; };
		7A6618152935CF8100DD738A /* CurrentValuePublisher.swift in Sources */ = {isa = PBXBuildFile; fileRef = 7A6618142935CF8100DD738A /* CurrentValuePublisher.swift */; };
		7A6A0FD42A06203700BDC719 /* CharacterSet+Tools.swift in Sources */ = {isa = PBXBuildFile; fileRef = 7A6A0FD32A06203700BDC719 /* CharacterSet+Tools.swift */; };
		7A6A55062A08EB6E00BDC719 /* WarningSwitch.swift in Sources */ = {isa = PBXBuildFile; fileRef = 7A6A55052A08EB6E00BDC719 /* WarningSwitch.swift */; };
		7A6CED6A29308DDF00680CEC /* ScreenRotate.swift in Sources */ = {isa = PBXBuildFile; fileRef = 7A6CED6929308DDF00680CEC /* ScreenRotate.swift */; };
		7A6EB346292F24E300BAF448 /* CancelBag.swift in Sources */ = {isa = PBXBuildFile; fileRef = 7A6EB345292F24E300BAF448 /* CancelBag.swift */; };
		7A6F41BD29B87724008431CD /* CGPoint+Tools.swift in Sources */ = {isa = PBXBuildFile; fileRef = 7A6F41BC29B87724008431CD /* CGPoint+Tools.swift */; };
		7A7720C22BDB91620008828B /* Locale+Tools.swift in Sources */ = {isa = PBXBuildFile; fileRef = 7A7720C12BDB91620008828B /* Locale+Tools.swift */; };
		7A772A3C2BDB97180008828B /* MemoryCache.swift in Sources */ = {isa = PBXBuildFile; fileRef = 7A772A3B2BDB97180008828B /* MemoryCache.swift */; };
		7A8A00A529308F5D001A3345 /* HitTest.swift in Sources */ = {isa = PBXBuildFile; fileRef = 7A8A00A429308F5D001A3345 /* HitTest.swift */; };
		7A8A00A729309BE0001A3345 /* PropertyWrapper.swift in Sources */ = {isa = PBXBuildFile; fileRef = 7A8A00A629309BE0001A3345 /* PropertyWrapper.swift */; };
		7A914DB229ADDAD0008AD58C /* UITextView.clickSomeText.swift in Sources */ = {isa = PBXBuildFile; fileRef = 7A914DB129ADDAD0008AD58C /* UITextView.clickSomeText.swift */; };
		7A914DB429ADDFB7008AD58C /* NSRange+Tools.swift in Sources */ = {isa = PBXBuildFile; fileRef = 7A914DB329ADDFB7008AD58C /* NSRange+Tools.swift */; };
		7A9CAD74291E105E00046466 /* Date+Tools.swift in Sources */ = {isa = PBXBuildFile; fileRef = 7A9CAD73291E105E00046466 /* Date+Tools.swift */; };
		7A9CBA0B291E43C000046466 /* OptionalDecodable.swift in Sources */ = {isa = PBXBuildFile; fileRef = 7A9CBA0A291E43C000046466 /* OptionalDecodable.swift */; };
		7A9CC059291FCB2500046466 /* JSONCodableObject.swift in Sources */ = {isa = PBXBuildFile; fileRef = 7A9CC058291FCB2500046466 /* JSONCodableObject.swift */; };
		7A9CC0BC2920D19200046466 /* UIScrollView.isScrolling.swift in Sources */ = {isa = PBXBuildFile; fileRef = 7A9CC0BB2920D19200046466 /* UIScrollView.isScrolling.swift */; };
		7AABCA8A2928AFAF00059782 /* IncreaseHotZone.swift in Sources */ = {isa = PBXBuildFile; fileRef = 7AABCA892928AFAF00059782 /* IncreaseHotZone.swift */; };
		7AABCA8C2928B0FF00059782 /* AddMask.swift in Sources */ = {isa = PBXBuildFile; fileRef = 7AABCA8B2928B0FF00059782 /* AddMask.swift */; };
		7AAF03152CDF2EAF00525A44 /* ActorNote.swift in Sources */ = {isa = PBXBuildFile; fileRef = 7AAF03142CDF2EAF00525A44 /* ActorNote.swift */; };
		7AAFB70B2CDDDCC500525A44 /* PodResourceBundles.swift in Sources */ = {isa = PBXBuildFile; fileRef = 7AAFB70A2CDDDCC500525A44 /* PodResourceBundles.swift */; };
		7AAFB70D2CDE055E00525A44 /* CombineNote.swift in Sources */ = {isa = PBXBuildFile; fileRef = 7AAFB70C2CDE055E00525A44 /* CombineNote.swift */; };
		7AB206A4299F66310058D526 /* PointerInSwift.swift in Sources */ = {isa = PBXBuildFile; fileRef = 7AB206A3299F66310058D526 /* PointerInSwift.swift */; };
		7AB21C1B29A32F900058D526 /* AsyncOperation.swift in Sources */ = {isa = PBXBuildFile; fileRef = 7AB21C1A29A32F900058D526 /* AsyncOperation.swift */; };
		7AB2F856299E23400058D526 /* ISO8601DateFormatter+Tools.swift in Sources */ = {isa = PBXBuildFile; fileRef = 7AB2F855299E23400058D526 /* ISO8601DateFormatter+Tools.swift */; };
		7ACB54AC2BB3CAA20004CBA8 /* AttributedStringProtocol+Tools.swift in Sources */ = {isa = PBXBuildFile; fileRef = 7ACB54AB2BB3CAA20004CBA8 /* AttributedStringProtocol+Tools.swift */; };
		7ACB54AE2BB3CD080004CBA8 /* View+Tools.swift in Sources */ = {isa = PBXBuildFile; fileRef = 7ACB54AD2BB3CD080004CBA8 /* View+Tools.swift */; };
		7ACB8C4D2BB566320004CBA8 /* UIFont+Tools.swift in Sources */ = {isa = PBXBuildFile; fileRef = 7ACB8C4C2BB566320004CBA8 /* UIFont+Tools.swift */; };
		7ACBC0202A160836007A8C13 /* SpecificLocalizedString.swift in Sources */ = {isa = PBXBuildFile; fileRef = 7ACBC01F2A160836007A8C13 /* SpecificLocalizedString.swift */; };
		7ACF43E82A8C9B9B009963C7 /* DateFormatter+Tools.swift in Sources */ = {isa = PBXBuildFile; fileRef = 7ACF43E72A8C9B9B009963C7 /* DateFormatter+Tools.swift */; };
		7AD080B82BD8EAAB0053F3EB /* CodeBookHelper.swift in Sources */ = {isa = PBXBuildFile; fileRef = 7AD080B72BD8EAAB0053F3EB /* CodeBookHelper.swift */; };
		7AD0DC5F290C1C5C0010BBC8 /* HashActor.swift in Sources */ = {isa = PBXBuildFile; fileRef = 7AD0DC5E290C1C5C0010BBC8 /* HashActor.swift */; };
		7AD0E8F0290EB31D0010BBC8 /* Task+Tools.swift in Sources */ = {isa = PBXBuildFile; fileRef = 7AD0E8EF290EB31D0010BBC8 /* Task+Tools.swift */; };
		7AD2A03029F1286300BABD94 /* CGAffineTransform+Tools.swift in Sources */ = {isa = PBXBuildFile; fileRef = 7AD2A02F29F1286300BABD94 /* CGAffineTransform+Tools.swift */; };
		7AD3A3FD2CAA507E00AC09CF /* GlobalActor.swift in Sources */ = {isa = PBXBuildFile; fileRef = 7AD3A3FC2CAA507E00AC09CF /* GlobalActor.swift */; };
		7AE1E49B2949B583001B3671 /* NSRangeSwiftRange.swift in Sources */ = {isa = PBXBuildFile; fileRef = 7AE1E49A2949B583001B3671 /* NSRangeSwiftRange.swift */; };
		7AE1E4A32949BA28001B3671 /* CGAffineTransformGuide.swift in Sources */ = {isa = PBXBuildFile; fileRef = 7AE1E4A22949BA28001B3671 /* CGAffineTransformGuide.swift */; };
		7AE1E4A72949BECC001B3671 /* Shadow.swift in Sources */ = {isa = PBXBuildFile; fileRef = 7AE1E4A62949BECC001B3671 /* Shadow.swift */; };
		7AE1E4A92949C5B7001B3671 /* LyricHighlightingLabel.swift in Sources */ = {isa = PBXBuildFile; fileRef = 7AE1E4A82949C5B7001B3671 /* LyricHighlightingLabel.swift */; };
		7AE2017429A4BEC000CC59D6 /* UseOptionSet.swift in Sources */ = {isa = PBXBuildFile; fileRef = 7AE2017329A4BEC000CC59D6 /* UseOptionSet.swift */; };
		7AEA3A6D2CD3CE6A00E92F3E /* Note.swift in Sources */ = {isa = PBXBuildFile; fileRef = 7AEA3A6C2CD3CE6A00E92F3E /* Note.swift */; };
		7AEA3A6F2CD3E06500E92F3E /* DispatchNote.swift in Sources */ = {isa = PBXBuildFile; fileRef = 7AEA3A6E2CD3E06500E92F3E /* DispatchNote.swift */; };
		7AF831E629E65E9800021A08 /* MaskedCorners.swift in Sources */ = {isa = PBXBuildFile; fileRef = 7AF831E529E65E9800021A08 /* MaskedCorners.swift */; };
/* End PBXBuildFile section */

/* Begin PBXFileReference section */
		7A02F7482913A5260036A898 /* URL+Tools.swift */ = {isa = PBXFileReference; lastKnownFileType = sourcecode.swift; path = "URL+Tools.swift"; sourceTree = "<group>"; };
		7A0752072BA8124A00A575C5 /* StringRegularExpression.swift */ = {isa = PBXFileReference; lastKnownFileType = sourcecode.swift; path = StringRegularExpression.swift; sourceTree = "<group>"; };
		7A08D2192B16DDFC00DE9BCC /* CompareEnum.swift */ = {isa = PBXFileReference; lastKnownFileType = sourcecode.swift; path = CompareEnum.swift; sourceTree = "<group>"; };
		7A0ACC262A4D569D00F8F19A /* NSAttributedString+Tools.swift */ = {isa = PBXFileReference; lastKnownFileType = sourcecode.swift; path = "NSAttributedString+Tools.swift"; sourceTree = "<group>"; };
		7A0AE4A92A4D7F9C00F8F19A /* SafeLazy.swift */ = {isa = PBXFileReference; lastKnownFileType = sourcecode.swift; path = SafeLazy.swift; sourceTree = "<group>"; };
		7A1074712908C01900C13362 /* SwiftCodeBook.app */ = {isa = PBXFileReference; explicitFileType = wrapper.application; includeInIndex = 0; path = SwiftCodeBook.app; sourceTree = BUILT_PRODUCTS_DIR; };
		7A1074742908C01900C13362 /* AppDelegate.swift */ = {isa = PBXFileReference; lastKnownFileType = sourcecode.swift; path = AppDelegate.swift; sourceTree = "<group>"; };
		7A1074762908C01900C13362 /* SceneDelegate.swift */ = {isa = PBXFileReference; lastKnownFileType = sourcecode.swift; path = SceneDelegate.swift; sourceTree = "<group>"; };
		7A1074782908C01900C13362 /* ViewController.swift */ = {isa = PBXFileReference; lastKnownFileType = sourcecode.swift; path = ViewController.swift; sourceTree = "<group>"; };
		7A10747B2908C01900C13362 /* Base */ = {isa = PBXFileReference; lastKnownFileType = file.storyboard; name = Base; path = Base.lproj/Main.storyboard; sourceTree = "<group>"; };
		7A10747D2908C01B00C13362 /* Assets.xcassets */ = {isa = PBXFileReference; lastKnownFileType = folder.assetcatalog; path = Assets.xcassets; sourceTree = "<group>"; };
		7A1074802908C01B00C13362 /* Base */ = {isa = PBXFileReference; lastKnownFileType = file.storyboard; name = Base; path = Base.lproj/LaunchScreen.storyboard; sourceTree = "<group>"; };
		7A1074822908C01B00C13362 /* Info.plist */ = {isa = PBXFileReference; lastKnownFileType = text.plist.xml; path = Info.plist; sourceTree = "<group>"; };
		7A1074922908FABB00C13362 /* UIColor+Tools.swift */ = {isa = PBXFileReference; lastKnownFileType = sourcecode.swift; path = "UIColor+Tools.swift"; sourceTree = "<group>"; };
		7A1074942908FAEF00C13362 /* String+Tools.swift */ = {isa = PBXFileReference; lastKnownFileType = sourcecode.swift; path = "String+Tools.swift"; sourceTree = "<group>"; };
		7A1074962908FB2100C13362 /* Character+Tools.swift */ = {isa = PBXFileReference; lastKnownFileType = sourcecode.swift; path = "Character+Tools.swift"; sourceTree = "<group>"; };
		7A1074982908FB6300C13362 /* UIBezierPath+Tools.swift */ = {isa = PBXFileReference; lastKnownFileType = sourcecode.swift; path = "UIBezierPath+Tools.swift"; sourceTree = "<group>"; };
		7A10749A2908FBA100C13362 /* UIApplication+Tools.swift */ = {isa = PBXFileReference; lastKnownFileType = sourcecode.swift; path = "UIApplication+Tools.swift"; sourceTree = "<group>"; };
		7A10749C2908FBDD00C13362 /* FileManager+Tools.swift */ = {isa = PBXFileReference; lastKnownFileType = sourcecode.swift; path = "FileManager+Tools.swift"; sourceTree = "<group>"; };
		7A10749E2908FC7700C13362 /* UIDevice+Tools.swift */ = {isa = PBXFileReference; lastKnownFileType = sourcecode.swift; path = "UIDevice+Tools.swift"; sourceTree = "<group>"; };
		7A1074A02909012D00C13362 /* DispatchQueue+Tools.swift */ = {isa = PBXFileReference; lastKnownFileType = sourcecode.swift; path = "DispatchQueue+Tools.swift"; sourceTree = "<group>"; };
		7A1074A22909019300C13362 /* GradientView.swift */ = {isa = PBXFileReference; lastKnownFileType = sourcecode.swift; path = GradientView.swift; sourceTree = "<group>"; };
		7A1074A42909041E00C13362 /* UIImage+Tools.swift */ = {isa = PBXFileReference; lastKnownFileType = sourcecode.swift; path = "UIImage+Tools.swift"; sourceTree = "<group>"; };
		7A1074A82909061700C13362 /* Array+Tools.swift */ = {isa = PBXFileReference; lastKnownFileType = sourcecode.swift; path = "Array+Tools.swift"; sourceTree = "<group>"; };
		7A1074AC290908F000C13362 /* Encodable+Tools.swift */ = {isa = PBXFileReference; lastKnownFileType = sourcecode.swift; path = "Encodable+Tools.swift"; sourceTree = "<group>"; };
		7A1074AE2909090000C13362 /* Decodable+Tools.swift */ = {isa = PBXFileReference; lastKnownFileType = sourcecode.swift; path = "Decodable+Tools.swift"; sourceTree = "<group>"; };
		7A1074B029090C4F00C13362 /* Dictionary+Tools.swift */ = {isa = PBXFileReference; lastKnownFileType = sourcecode.swift; path = "Dictionary+Tools.swift"; sourceTree = "<group>"; };
		7A1074B229091B1700C13362 /* WeakObject.swift */ = {isa = PBXFileReference; lastKnownFileType = sourcecode.swift; path = WeakObject.swift; sourceTree = "<group>"; };
		7A1074B429091CAD00C13362 /* Result+Tools.swift */ = {isa = PBXFileReference; lastKnownFileType = sourcecode.swift; path = "Result+Tools.swift"; sourceTree = "<group>"; };
		7A107B0829091E1400C13362 /* Publisher+Tools.swift */ = {isa = PBXFileReference; lastKnownFileType = sourcecode.swift; path = "Publisher+Tools.swift"; sourceTree = "<group>"; };
		7A1087B029097C2800C13362 /* UIView+Tools.swift */ = {isa = PBXFileReference; lastKnownFileType = sourcecode.swift; path = "UIView+Tools.swift"; sourceTree = "<group>"; };
		7A20D002294D9C560076F89A /* UIImageView.contentMode.swift */ = {isa = PBXFileReference; lastKnownFileType = sourcecode.swift; path = UIImageView.contentMode.swift; sourceTree = "<group>"; };
		7A20D004294DA8730076F89A /* AutoLayoutDoAnimation.swift */ = {isa = PBXFileReference; lastKnownFileType = sourcecode.swift; path = AutoLayoutDoAnimation.swift; sourceTree = "<group>"; };
		7A20D007294DADCB0076F89A /* GlobalGray.swift */ = {isa = PBXFileReference; lastKnownFileType = sourcecode.swift; path = GlobalGray.swift; sourceTree = "<group>"; };
		7A34972829EE71A100A692C7 /* NSNumber+Tools.swift */ = {isa = PBXFileReference; lastKnownFileType = sourcecode.swift; path = "NSNumber+Tools.swift"; sourceTree = "<group>"; };
		7A3B17AD2BFC3F0D0092F0C5 /* SwitchType.swift */ = {isa = PBXFileReference; lastKnownFileType = sourcecode.swift; path = SwitchType.swift; sourceTree = "<group>"; };
		7A4CB2792CCA37F300820147 /* Spacer+Tools.swift */ = {isa = PBXFileReference; lastKnownFileType = sourcecode.swift; path = "Spacer+Tools.swift"; sourceTree = "<group>"; };
		7A4D412E2977D668002C58B4 /* UIStackView+Tools.swift */ = {isa = PBXFileReference; lastKnownFileType = sourcecode.swift; path = "UIStackView+Tools.swift"; sourceTree = "<group>"; };
		7A501A2B2914EEEB00512E32 /* AssociatedObject.swift */ = {isa = PBXFileReference; lastKnownFileType = sourcecode.swift; path = AssociatedObject.swift; sourceTree = "<group>"; };
		7A501A2D2914F43000512E32 /* KVO.swift */ = {isa = PBXFileReference; lastKnownFileType = sourcecode.swift; path = KVO.swift; sourceTree = "<group>"; };
		7A51D2AC29CC4394007C3684 /* ISO8601Codable.swift */ = {isa = PBXFileReference; lastKnownFileType = sourcecode.swift; path = ISO8601Codable.swift; sourceTree = "<group>"; };
		7A6227C42BCD0A4E00E33417 /* ConvertNSAttributedString.swift */ = {isa = PBXFileReference; lastKnownFileType = sourcecode.swift; path = ConvertNSAttributedString.swift; sourceTree = "<group>"; };
		7A6227C72BCD121800E33417 /* WillDidMove.swift */ = {isa = PBXFileReference; lastKnownFileType = sourcecode.swift; path = WillDidMove.swift; sourceTree = "<group>"; };
		7A6618142935CF8100DD738A /* CurrentValuePublisher.swift */ = {isa = PBXFileReference; lastKnownFileType = sourcecode.swift; path = CurrentValuePublisher.swift; sourceTree = "<group>"; };
		7A6A0FD32A06203700BDC719 /* CharacterSet+Tools.swift */ = {isa = PBXFileReference; lastKnownFileType = sourcecode.swift; path = "CharacterSet+Tools.swift"; sourceTree = "<group>"; };
		7A6A55052A08EB6E00BDC719 /* WarningSwitch.swift */ = {isa = PBXFileReference; lastKnownFileType = sourcecode.swift; path = WarningSwitch.swift; sourceTree = "<group>"; };
		7A6CED6929308DDF00680CEC /* ScreenRotate.swift */ = {isa = PBXFileReference; lastKnownFileType = sourcecode.swift; path = ScreenRotate.swift; sourceTree = "<group>"; };
		7A6EB345292F24E300BAF448 /* CancelBag.swift */ = {isa = PBXFileReference; lastKnownFileType = sourcecode.swift; path = CancelBag.swift; sourceTree = "<group>"; };
		7A6F41BC29B87724008431CD /* CGPoint+Tools.swift */ = {isa = PBXFileReference; lastKnownFileType = sourcecode.swift; path = "CGPoint+Tools.swift"; sourceTree = "<group>"; };
		7A7720C12BDB91620008828B /* Locale+Tools.swift */ = {isa = PBXFileReference; lastKnownFileType = sourcecode.swift; path = "Locale+Tools.swift"; sourceTree = "<group>"; };
		7A772A3B2BDB97180008828B /* MemoryCache.swift */ = {isa = PBXFileReference; lastKnownFileType = sourcecode.swift; path = MemoryCache.swift; sourceTree = "<group>"; };
		7A8A00A429308F5D001A3345 /* HitTest.swift */ = {isa = PBXFileReference; lastKnownFileType = sourcecode.swift; path = HitTest.swift; sourceTree = "<group>"; };
		7A8A00A629309BE0001A3345 /* PropertyWrapper.swift */ = {isa = PBXFileReference; lastKnownFileType = sourcecode.swift; path = PropertyWrapper.swift; sourceTree = "<group>"; };
		7A914DB129ADDAD0008AD58C /* UITextView.clickSomeText.swift */ = {isa = PBXFileReference; lastKnownFileType = sourcecode.swift; path = UITextView.clickSomeText.swift; sourceTree = "<group>"; };
		7A914DB329ADDFB7008AD58C /* NSRange+Tools.swift */ = {isa = PBXFileReference; lastKnownFileType = sourcecode.swift; path = "NSRange+Tools.swift"; sourceTree = "<group>"; };
		7A9CAD73291E105E00046466 /* Date+Tools.swift */ = {isa = PBXFileReference; lastKnownFileType = sourcecode.swift; path = "Date+Tools.swift"; sourceTree = "<group>"; };
		7A9CBA0A291E43C000046466 /* OptionalDecodable.swift */ = {isa = PBXFileReference; lastKnownFileType = sourcecode.swift; path = OptionalDecodable.swift; sourceTree = "<group>"; };
		7A9CC058291FCB2500046466 /* JSONCodableObject.swift */ = {isa = PBXFileReference; lastKnownFileType = sourcecode.swift; path = JSONCodableObject.swift; sourceTree = "<group>"; };
		7A9CC0BB2920D19200046466 /* UIScrollView.isScrolling.swift */ = {isa = PBXFileReference; lastKnownFileType = sourcecode.swift; path = UIScrollView.isScrolling.swift; sourceTree = "<group>"; };
		7AABCA892928AFAF00059782 /* IncreaseHotZone.swift */ = {isa = PBXFileReference; lastKnownFileType = sourcecode.swift; path = IncreaseHotZone.swift; sourceTree = "<group>"; };
		7AABCA8B2928B0FF00059782 /* AddMask.swift */ = {isa = PBXFileReference; lastKnownFileType = sourcecode.swift; path = AddMask.swift; sourceTree = "<group>"; };
		7AAF03142CDF2EAF00525A44 /* ActorNote.swift */ = {isa = PBXFileReference; lastKnownFileType = sourcecode.swift; path = ActorNote.swift; sourceTree = "<group>"; };
		7AAFB70A2CDDDCC500525A44 /* PodResourceBundles.swift */ = {isa = PBXFileReference; lastKnownFileType = sourcecode.swift; path = PodResourceBundles.swift; sourceTree = "<group>"; };
		7AAFB70C2CDE055E00525A44 /* CombineNote.swift */ = {isa = PBXFileReference; lastKnownFileType = sourcecode.swift; path = CombineNote.swift; sourceTree = "<group>"; };
		7AB206A3299F66310058D526 /* PointerInSwift.swift */ = {isa = PBXFileReference; lastKnownFileType = sourcecode.swift; path = PointerInSwift.swift; sourceTree = "<group>"; };
		7AB21C1A29A32F900058D526 /* AsyncOperation.swift */ = {isa = PBXFileReference; lastKnownFileType = sourcecode.swift; path = AsyncOperation.swift; sourceTree = "<group>"; };
		7AB2F855299E23400058D526 /* ISO8601DateFormatter+Tools.swift */ = {isa = PBXFileReference; lastKnownFileType = sourcecode.swift; path = "ISO8601DateFormatter+Tools.swift"; sourceTree = "<group>"; };
		7ACB54AB2BB3CAA20004CBA8 /* AttributedStringProtocol+Tools.swift */ = {isa = PBXFileReference; lastKnownFileType = sourcecode.swift; path = "AttributedStringProtocol+Tools.swift"; sourceTree = "<group>"; };
		7ACB54AD2BB3CD080004CBA8 /* View+Tools.swift */ = {isa = PBXFileReference; lastKnownFileType = sourcecode.swift; path = "View+Tools.swift"; sourceTree = "<group>"; };
		7ACB8C4C2BB566320004CBA8 /* UIFont+Tools.swift */ = {isa = PBXFileReference; lastKnownFileType = sourcecode.swift; path = "UIFont+Tools.swift"; sourceTree = "<group>"; };
		7ACBC01F2A160836007A8C13 /* SpecificLocalizedString.swift */ = {isa = PBXFileReference; lastKnownFileType = sourcecode.swift; path = SpecificLocalizedString.swift; sourceTree = "<group>"; };
		7ACF43E72A8C9B9B009963C7 /* DateFormatter+Tools.swift */ = {isa = PBXFileReference; lastKnownFileType = sourcecode.swift; path = "DateFormatter+Tools.swift"; sourceTree = "<group>"; };
		7AD080B72BD8EAAB0053F3EB /* CodeBookHelper.swift */ = {isa = PBXFileReference; lastKnownFileType = sourcecode.swift; path = CodeBookHelper.swift; sourceTree = "<group>"; };
		7AD0DC5E290C1C5C0010BBC8 /* HashActor.swift */ = {isa = PBXFileReference; lastKnownFileType = sourcecode.swift; path = HashActor.swift; sourceTree = "<group>"; };
		7AD0E8EF290EB31D0010BBC8 /* Task+Tools.swift */ = {isa = PBXFileReference; lastKnownFileType = sourcecode.swift; path = "Task+Tools.swift"; sourceTree = "<group>"; };
		7AD2A02F29F1286300BABD94 /* CGAffineTransform+Tools.swift */ = {isa = PBXFileReference; lastKnownFileType = sourcecode.swift; path = "CGAffineTransform+Tools.swift"; sourceTree = "<group>"; };
		7AD3A3FC2CAA507E00AC09CF /* GlobalActor.swift */ = {isa = PBXFileReference; lastKnownFileType = sourcecode.swift; path = GlobalActor.swift; sourceTree = "<group>"; };
		7AE1E49A2949B583001B3671 /* NSRangeSwiftRange.swift */ = {isa = PBXFileReference; lastKnownFileType = sourcecode.swift; path = NSRangeSwiftRange.swift; sourceTree = "<group>"; };
		7AE1E4A22949BA28001B3671 /* CGAffineTransformGuide.swift */ = {isa = PBXFileReference; lastKnownFileType = sourcecode.swift; path = CGAffineTransformGuide.swift; sourceTree = "<group>"; };
		7AE1E4A62949BECC001B3671 /* Shadow.swift */ = {isa = PBXFileReference; lastKnownFileType = sourcecode.swift; path = Shadow.swift; sourceTree = "<group>"; };
		7AE1E4A82949C5B7001B3671 /* LyricHighlightingLabel.swift */ = {isa = PBXFileReference; lastKnownFileType = sourcecode.swift; path = LyricHighlightingLabel.swift; sourceTree = "<group>"; };
		7AE2017329A4BEC000CC59D6 /* UseOptionSet.swift */ = {isa = PBXFileReference; lastKnownFileType = sourcecode.swift; path = UseOptionSet.swift; sourceTree = "<group>"; };
		7AEA3A6C2CD3CE6A00E92F3E /* Note.swift */ = {isa = PBXFileReference; lastKnownFileType = sourcecode.swift; path = Note.swift; sourceTree = "<group>"; };
		7AEA3A6E2CD3E06500E92F3E /* DispatchNote.swift */ = {isa = PBXFileReference; lastKnownFileType = sourcecode.swift; path = DispatchNote.swift; sourceTree = "<group>"; };
		7AF831E529E65E9800021A08 /* MaskedCorners.swift */ = {isa = PBXFileReference; lastKnownFileType = sourcecode.swift; path = MaskedCorners.swift; sourceTree = "<group>"; };
/* End PBXFileReference section */

/* Begin PBXFrameworksBuildPhase section */
		7A10746E2908C01900C13362 /* Frameworks */ = {
			isa = PBXFrameworksBuildPhase;
			buildActionMask = 2147483647;
			files = (
			);
			runOnlyForDeploymentPostprocessing = 0;
		};
/* End PBXFrameworksBuildPhase section */

/* Begin PBXGroup section */
		7A1074682908C01900C13362 = {
			isa = PBXGroup;
			children = (
				7A1074732908C01900C13362 /* SwiftCodeBook */,
				7A1074722908C01900C13362 /* Products */,
			);
			sourceTree = "<group>";
		};
		7A1074722908C01900C13362 /* Products */ = {
			isa = PBXGroup;
			children = (
				7A1074712908C01900C13362 /* SwiftCodeBook.app */,
			);
			name = Products;
			sourceTree = "<group>";
		};
		7A1074732908C01900C13362 /* SwiftCodeBook */ = {
			isa = PBXGroup;
			children = (
				7A1074782908C01900C13362 /* ViewController.swift */,
				7A1074892908C05C00C13362 /* Source */,
				7A1074882908C04A00C13362 /* Support */,
				7A1074822908C01B00C13362 /* Info.plist */,
			);
			path = SwiftCodeBook;
			sourceTree = "<group>";
		};
		7A1074882908C04A00C13362 /* Support */ = {
			isa = PBXGroup;
			children = (
				7A1074742908C01900C13362 /* AppDelegate.swift */,
				7A1074762908C01900C13362 /* SceneDelegate.swift */,
				7AD080B72BD8EAAB0053F3EB /* CodeBookHelper.swift */,
				7A10747A2908C01900C13362 /* Main.storyboard */,
				7A10747D2908C01B00C13362 /* Assets.xcassets */,
				7A10747F2908C01B00C13362 /* LaunchScreen.storyboard */,
			);
			path = Support;
			sourceTree = "<group>";
		};
		7A1074892908C05C00C13362 /* Source */ = {
			isa = PBXGroup;
			children = (
				7AEA3A6C2CD3CE6A00E92F3E /* Note.swift */,
				7A501A2A2914EECB00512E32 /* UseCase */,
				7A9CC08E2920BFCB00046466 /* Tools */,
			);
			path = Source;
			sourceTree = "<group>";
		};
		7A10748A2908C07D00C13362 /* Extension */ = {
			isa = PBXGroup;
			children = (
				7A1074A6290905E500C13362 /* Foundation */,
				7A1074A7290905F100C13362 /* UIKit */,
				7ACB54AA2BB3CA8C0004CBA8 /* SwiftUI */,
			);
			path = Extension;
			sourceTree = "<group>";
		};
		7A10748B2908C08500C13362 /* UIKit */ = {
			isa = PBXGroup;
			children = (
				7A20D006294DA9400076F89A /* View */,
				7A20D007294DADCB0076F89A /* GlobalGray.swift */,
			);
			path = UIKit;
			sourceTree = "<group>";
		};
		7A10748C2908C08A00C13362 /* Foundation */ = {
			isa = PBXGroup;
			children = (
				7A9CBA09291E42C300046466 /* Codable */,
				7A10748D2908C0B300C13362 /* ThreadSafe */,
				7A6618142935CF8100DD738A /* CurrentValuePublisher.swift */,
				7AD0DC5E290C1C5C0010BBC8 /* HashActor.swift */,
				7A772A3B2BDB97180008828B /* MemoryCache.swift */,
				7A1074B229091B1700C13362 /* WeakObject.swift */,
			);
			path = Foundation;
			sourceTree = "<group>";
		};
		7A10748D2908C0B300C13362 /* ThreadSafe */ = {
			isa = PBXGroup;
			children = (
				7A6EB345292F24E300BAF448 /* CancelBag.swift */,
			);
			path = ThreadSafe;
			sourceTree = "<group>";
		};
		7A1074A6290905E500C13362 /* Foundation */ = {
			isa = PBXGroup;
			children = (
				7A1074A82909061700C13362 /* Array+Tools.swift */,
				7A1074962908FB2100C13362 /* Character+Tools.swift */,
				7A6A0FD32A06203700BDC719 /* CharacterSet+Tools.swift */,
				7A6F41BC29B87724008431CD /* CGPoint+Tools.swift */,
				7A9CAD73291E105E00046466 /* Date+Tools.swift */,
				7ACF43E72A8C9B9B009963C7 /* DateFormatter+Tools.swift */,
				7A1074AE2909090000C13362 /* Decodable+Tools.swift */,
				7A1074B029090C4F00C13362 /* Dictionary+Tools.swift */,
				7A1074A02909012D00C13362 /* DispatchQueue+Tools.swift */,
				7A1074AC290908F000C13362 /* Encodable+Tools.swift */,
				7A10749C2908FBDD00C13362 /* FileManager+Tools.swift */,
				7AB2F855299E23400058D526 /* ISO8601DateFormatter+Tools.swift */,
				7A7720C12BDB91620008828B /* Locale+Tools.swift */,
				7A0ACC262A4D569D00F8F19A /* NSAttributedString+Tools.swift */,
				7A34972829EE71A100A692C7 /* NSNumber+Tools.swift */,
				7A914DB329ADDFB7008AD58C /* NSRange+Tools.swift */,
				7A107B0829091E1400C13362 /* Publisher+Tools.swift */,
				7A1074B429091CAD00C13362 /* Result+Tools.swift */,
				7A1074942908FAEF00C13362 /* String+Tools.swift */,
				7AD0E8EF290EB31D0010BBC8 /* Task+Tools.swift */,
				7A02F7482913A5260036A898 /* URL+Tools.swift */,
			);
			path = Foundation;
			sourceTree = "<group>";
		};
		7A1074A7290905F100C13362 /* UIKit */ = {
			isa = PBXGroup;
			children = (
				7AD2A02F29F1286300BABD94 /* CGAffineTransform+Tools.swift */,
				7A10749A2908FBA100C13362 /* UIApplication+Tools.swift */,
				7A1074982908FB6300C13362 /* UIBezierPath+Tools.swift */,
				7A1074922908FABB00C13362 /* UIColor+Tools.swift */,
				7A10749E2908FC7700C13362 /* UIDevice+Tools.swift */,
				7ACB8C4C2BB566320004CBA8 /* UIFont+Tools.swift */,
				7A1074A42909041E00C13362 /* UIImage+Tools.swift */,
				7A4D412E2977D668002C58B4 /* UIStackView+Tools.swift */,
				7A1087B029097C2800C13362 /* UIView+Tools.swift */,
			);
			path = UIKit;
			sourceTree = "<group>";
		};
		7A20D006294DA9400076F89A /* View */ = {
			isa = PBXGroup;
			children = (
				7A1074A22909019300C13362 /* GradientView.swift */,
				7AE1E4A82949C5B7001B3671 /* LyricHighlightingLabel.swift */,
			);
			path = View;
			sourceTree = "<group>";
		};
		7A501A2A2914EECB00512E32 /* UseCase */ = {
			isa = PBXGroup;
			children = (
				7AE1E49C2949B724001B3671 /* Foundation */,
				7AE1E49D2949B72A001B3671 /* UIKit */,
				7A6227C62BCD0F6B00E33417 /* SwiftUI */,
			);
			path = UseCase;
			sourceTree = "<group>";
		};
		7A6227C62BCD0F6B00E33417 /* SwiftUI */ = {
			isa = PBXGroup;
			children = (
				7A6227C42BCD0A4E00E33417 /* ConvertNSAttributedString.swift */,
			);
			path = SwiftUI;
			sourceTree = "<group>";
		};
		7A9CBA09291E42C300046466 /* Codable */ = {
			isa = PBXGroup;
			children = (
				7A51D2AC29CC4394007C3684 /* ISO8601Codable.swift */,
				7A9CC058291FCB2500046466 /* JSONCodableObject.swift */,
				7A9CBA0A291E43C000046466 /* OptionalDecodable.swift */,
			);
			path = Codable;
			sourceTree = "<group>";
		};
		7A9CC08E2920BFCB00046466 /* Tools */ = {
			isa = PBXGroup;
			children = (
				7A10748C2908C08A00C13362 /* Foundation */,
				7A10748B2908C08500C13362 /* UIKit */,
				7A10748A2908C07D00C13362 /* Extension */,
			);
			path = Tools;
			sourceTree = "<group>";
		};
		7ACB54AA2BB3CA8C0004CBA8 /* SwiftUI */ = {
			isa = PBXGroup;
			children = (
				7ACB54AB2BB3CAA20004CBA8 /* AttributedStringProtocol+Tools.swift */,
				7A4CB2792CCA37F300820147 /* Spacer+Tools.swift */,
				7ACB54AD2BB3CD080004CBA8 /* View+Tools.swift */,
			);
			path = SwiftUI;
			sourceTree = "<group>";
		};
		7AE1E49C2949B724001B3671 /* Foundation */ = {
			isa = PBXGroup;
			children = (
				7AAF03142CDF2EAF00525A44 /* ActorNote.swift */,
				7A501A2B2914EEEB00512E32 /* AssociatedObject.swift */,
				7AB21C1A29A32F900058D526 /* AsyncOperation.swift */,
				7AAFB70C2CDE055E00525A44 /* CombineNote.swift */,
				7A08D2192B16DDFC00DE9BCC /* CompareEnum.swift */,
				7AEA3A6E2CD3E06500E92F3E /* DispatchNote.swift */,
				7AD3A3FC2CAA507E00AC09CF /* GlobalActor.swift */,
				7A501A2D2914F43000512E32 /* KVO.swift */,
				7AE1E49A2949B583001B3671 /* NSRangeSwiftRange.swift */,
				7AAFB70A2CDDDCC500525A44 /* PodResourceBundles.swift */,
				7AB206A3299F66310058D526 /* PointerInSwift.swift */,
				7A8A00A629309BE0001A3345 /* PropertyWrapper.swift */,
				7A0AE4A92A4D7F9C00F8F19A /* SafeLazy.swift */,
				7ACBC01F2A160836007A8C13 /* SpecificLocalizedString.swift */,
				7A0752072BA8124A00A575C5 /* StringRegularExpression.swift */,
				7A3B17AD2BFC3F0D0092F0C5 /* SwitchType.swift */,
				7AE2017329A4BEC000CC59D6 /* UseOptionSet.swift */,
			);
			path = Foundation;
			sourceTree = "<group>";
		};
		7AE1E49D2949B72A001B3671 /* UIKit */ = {
			isa = PBXGroup;
			children = (
				7AABCA8B2928B0FF00059782 /* AddMask.swift */,
				7A20D004294DA8730076F89A /* AutoLayoutDoAnimation.swift */,
				7AE1E4A22949BA28001B3671 /* CGAffineTransformGuide.swift */,
				7A8A00A429308F5D001A3345 /* HitTest.swift */,
				7AABCA892928AFAF00059782 /* IncreaseHotZone.swift */,
				7AF831E529E65E9800021A08 /* MaskedCorners.swift */,
				7A6CED6929308DDF00680CEC /* ScreenRotate.swift */,
				7AE1E4A62949BECC001B3671 /* Shadow.swift */,
				7A20D002294D9C560076F89A /* UIImageView.contentMode.swift */,
				7A9CC0BB2920D19200046466 /* UIScrollView.isScrolling.swift */,
				7A914DB129ADDAD0008AD58C /* UITextView.clickSomeText.swift */,
				7A6A55052A08EB6E00BDC719 /* WarningSwitch.swift */,
				7A6227C72BCD121800E33417 /* WillDidMove.swift */,
			);
			path = UIKit;
			sourceTree = "<group>";
		};
/* End PBXGroup section */

/* Begin PBXNativeTarget section */
		7A1074702908C01900C13362 /* SwiftCodeBook */ = {
			isa = PBXNativeTarget;
			buildConfigurationList = 7A1074852908C01B00C13362 /* Build configuration list for PBXNativeTarget "SwiftCodeBook" */;
			buildPhases = (
				7A10746D2908C01900C13362 /* Sources */,
				7A10746E2908C01900C13362 /* Frameworks */,
				7A10746F2908C01900C13362 /* Resources */,
			);
			buildRules = (
			);
			dependencies = (
			);
			name = SwiftCodeBook;
			productName = SwiftCodeBook;
			productReference = 7A1074712908C01900C13362 /* SwiftCodeBook.app */;
			productType = "com.apple.product-type.application";
		};
/* End PBXNativeTarget section */

/* Begin PBXProject section */
		7A1074692908C01900C13362 /* Project object */ = {
			isa = PBXProject;
			attributes = {
				BuildIndependentTargetsInParallel = 1;
				LastSwiftUpdateCheck = 1410;
				LastUpgradeCheck = 1530;
				TargetAttributes = {
					7A1074702908C01900C13362 = {
						CreatedOnToolsVersion = 14.0.1;
					};
				};
			};
			buildConfigurationList = 7A10746C2908C01900C13362 /* Build configuration list for PBXProject "SwiftCodeBook" */;
			developmentRegion = en;
			hasScannedForEncodings = 0;
			knownRegions = (
				en,
				Base,
			);
			mainGroup = 7A1074682908C01900C13362;
			preferredProjectObjectVersion = 77;
			productRefGroup = 7A1074722908C01900C13362 /* Products */;
			projectDirPath = "";
			projectRoot = "";
			targets = (
				7A1074702908C01900C13362 /* SwiftCodeBook */,
			);
		};
/* End PBXProject section */

/* Begin PBXResourcesBuildPhase section */
		7A10746F2908C01900C13362 /* Resources */ = {
			isa = PBXResourcesBuildPhase;
			buildActionMask = 2147483647;
			files = (
				7A1074812908C01B00C13362 /* LaunchScreen.storyboard in Resources */,
				7A10747E2908C01B00C13362 /* Assets.xcassets in Resources */,
				7A10747C2908C01900C13362 /* Main.storyboard in Resources */,
			);
			runOnlyForDeploymentPostprocessing = 0;
		};
/* End PBXResourcesBuildPhase section */

/* Begin PBXSourcesBuildPhase section */
		7A10746D2908C01900C13362 /* Sources */ = {
			isa = PBXSourcesBuildPhase;
			buildActionMask = 2147483647;
			files = (
				7A1074792908C01900C13362 /* ViewController.swift in Sources */,
				7A1074B129090C4F00C13362 /* Dictionary+Tools.swift in Sources */,
				7AF831E629E65E9800021A08 /* MaskedCorners.swift in Sources */,
				7A1087B129097C2800C13362 /* UIView+Tools.swift in Sources */,
				7A9CBA0B291E43C000046466 /* OptionalDecodable.swift in Sources */,
				7A10749F2908FC7700C13362 /* UIDevice+Tools.swift in Sources */,
				7AABCA8A2928AFAF00059782 /* IncreaseHotZone.swift in Sources */,
				7A501A2C2914EEEB00512E32 /* AssociatedObject.swift in Sources */,
				7AD080B82BD8EAAB0053F3EB /* CodeBookHelper.swift in Sources */,
				7AE1E4A32949BA28001B3671 /* CGAffineTransformGuide.swift in Sources */,
				7A20D005294DA8730076F89A /* AutoLayoutDoAnimation.swift in Sources */,
				7ACF43E82A8C9B9B009963C7 /* DateFormatter+Tools.swift in Sources */,
				7A6227C82BCD121800E33417 /* WillDidMove.swift in Sources */,
				7A3B17AE2BFC3F0D0092F0C5 /* SwitchType.swift in Sources */,
				7A1074972908FB2100C13362 /* Character+Tools.swift in Sources */,
				7A1074B529091CAD00C13362 /* Result+Tools.swift in Sources */,
				7AB2F856299E23400058D526 /* ISO8601DateFormatter+Tools.swift in Sources */,
				7A10749B2908FBA100C13362 /* UIApplication+Tools.swift in Sources */,
				7A1074A32909019300C13362 /* GradientView.swift in Sources */,
				7A20D003294D9C560076F89A /* UIImageView.contentMode.swift in Sources */,
				7A1074AD290908F000C13362 /* Encodable+Tools.swift in Sources */,
				7AD0E8F0290EB31D0010BBC8 /* Task+Tools.swift in Sources */,
				7A1074A12909012D00C13362 /* DispatchQueue+Tools.swift in Sources */,
				7A4CB27A2CCA37F300820147 /* Spacer+Tools.swift in Sources */,
				7A1074A92909061700C13362 /* Array+Tools.swift in Sources */,
				7AEA3A6F2CD3E06500E92F3E /* DispatchNote.swift in Sources */,
				7A1074952908FAEF00C13362 /* String+Tools.swift in Sources */,
				7A6F41BD29B87724008431CD /* CGPoint+Tools.swift in Sources */,
				7A9CAD74291E105E00046466 /* Date+Tools.swift in Sources */,
				7A10749D2908FBDD00C13362 /* FileManager+Tools.swift in Sources */,
				7A107B0929091E1400C13362 /* Publisher+Tools.swift in Sources */,
				7A1074752908C01900C13362 /* AppDelegate.swift in Sources */,
				7A8A00A729309BE0001A3345 /* PropertyWrapper.swift in Sources */,
				7A6CED6A29308DDF00680CEC /* ScreenRotate.swift in Sources */,
				7ACBC0202A160836007A8C13 /* SpecificLocalizedString.swift in Sources */,
				7A1074992908FB6300C13362 /* UIBezierPath+Tools.swift in Sources */,
				7A20D008294DADCB0076F89A /* GlobalGray.swift in Sources */,
				7AAFB70D2CDE055E00525A44 /* CombineNote.swift in Sources */,
				7A0ACC272A4D569D00F8F19A /* NSAttributedString+Tools.swift in Sources */,
				7A9CC0BC2920D19200046466 /* UIScrollView.isScrolling.swift in Sources */,
				7A6EB346292F24E300BAF448 /* CancelBag.swift in Sources */,
				7A02F7492913A5260036A898 /* URL+Tools.swift in Sources */,
				7AE2017429A4BEC000CC59D6 /* UseOptionSet.swift in Sources */,
				7A8A00A529308F5D001A3345 /* HitTest.swift in Sources */,
				7A34972929EE71A100A692C7 /* NSNumber+Tools.swift in Sources */,
				7A1074B329091B1700C13362 /* WeakObject.swift in Sources */,
				7A914DB429ADDFB7008AD58C /* NSRange+Tools.swift in Sources */,
				7A6A0FD42A06203700BDC719 /* CharacterSet+Tools.swift in Sources */,
				7AAFB70B2CDDDCC500525A44 /* PodResourceBundles.swift in Sources */,
				7A6618152935CF8100DD738A /* CurrentValuePublisher.swift in Sources */,
				7A1074932908FABB00C13362 /* UIColor+Tools.swift in Sources */,
				7A0752082BA8124A00A575C5 /* StringRegularExpression.swift in Sources */,
				7A6227C52BCD0A4E00E33417 /* ConvertNSAttributedString.swift in Sources */,
				7AD2A03029F1286300BABD94 /* CGAffineTransform+Tools.swift in Sources */,
				7A772A3C2BDB97180008828B /* MemoryCache.swift in Sources */,
				7ACB54AC2BB3CAA20004CBA8 /* AttributedStringProtocol+Tools.swift in Sources */,
				7A914DB229ADDAD0008AD58C /* UITextView.clickSomeText.swift in Sources */,
				7AE1E4A72949BECC001B3671 /* Shadow.swift in Sources */,
				7A1074AF2909090000C13362 /* Decodable+Tools.swift in Sources */,
				7A4D412F2977D668002C58B4 /* UIStackView+Tools.swift in Sources */,
				7ACB8C4D2BB566320004CBA8 /* UIFont+Tools.swift in Sources */,
				7AEA3A6D2CD3CE6A00E92F3E /* Note.swift in Sources */,
				7A0AE4AA2A4D7F9C00F8F19A /* SafeLazy.swift in Sources */,
				7AAF03152CDF2EAF00525A44 /* ActorNote.swift in Sources */,
				7A1074772908C01900C13362 /* SceneDelegate.swift in Sources */,
				7A51D2AD29CC4394007C3684 /* ISO8601Codable.swift in Sources */,
				7AB206A4299F66310058D526 /* PointerInSwift.swift in Sources */,
				7A7720C22BDB91620008828B /* Locale+Tools.swift in Sources */,
				7A6A55062A08EB6E00BDC719 /* WarningSwitch.swift in Sources */,
				7ACB54AE2BB3CD080004CBA8 /* View+Tools.swift in Sources */,
				7A08D21A2B16DDFC00DE9BCC /* CompareEnum.swift in Sources */,
				7AD0DC5F290C1C5C0010BBC8 /* HashActor.swift in Sources */,
				7AE1E49B2949B583001B3671 /* NSRangeSwiftRange.swift in Sources */,
				7AD3A3FD2CAA507E00AC09CF /* GlobalActor.swift in Sources */,
				7A1074A52909041E00C13362 /* UIImage+Tools.swift in Sources */,
				7AABCA8C2928B0FF00059782 /* AddMask.swift in Sources */,
				7AB21C1B29A32F900058D526 /* AsyncOperation.swift in Sources */,
				7A9CC059291FCB2500046466 /* JSONCodableObject.swift in Sources */,
				7AE1E4A92949C5B7001B3671 /* LyricHighlightingLabel.swift in Sources */,
				7A501A2E2914F43000512E32 /* KVO.swift in Sources */,
			);
			runOnlyForDeploymentPostprocessing = 0;
		};
/* End PBXSourcesBuildPhase section */

/* Begin PBXVariantGroup section */
		7A10747A2908C01900C13362 /* Main.storyboard */ = {
			isa = PBXVariantGroup;
			children = (
				7A10747B2908C01900C13362 /* Base */,
			);
			name = Main.storyboard;
			sourceTree = "<group>";
		};
		7A10747F2908C01B00C13362 /* LaunchScreen.storyboard */ = {
			isa = PBXVariantGroup;
			children = (
				7A1074802908C01B00C13362 /* Base */,
			);
			name = LaunchScreen.storyboard;
			sourceTree = "<group>";
		};
/* End PBXVariantGroup section */

/* Begin XCBuildConfiguration section */
		7A1074832908C01B00C13362 /* Debug */ = {
			isa = XCBuildConfiguration;
			buildSettings = {
				ALWAYS_SEARCH_USER_PATHS = NO;
				ASSETCATALOG_COMPILER_GENERATE_SWIFT_ASSET_SYMBOL_EXTENSIONS = YES;
				CLANG_ANALYZER_NONNULL = YES;
				CLANG_ANALYZER_NUMBER_OBJECT_CONVERSION = YES_AGGRESSIVE;
				CLANG_CXX_LANGUAGE_STANDARD = "gnu++20";
				CLANG_ENABLE_MODULES = YES;
				CLANG_ENABLE_OBJC_ARC = YES;
				CLANG_ENABLE_OBJC_WEAK = YES;
				CLANG_WARN_BLOCK_CAPTURE_AUTORELEASING = YES;
				CLANG_WARN_BOOL_CONVERSION = YES;
				CLANG_WARN_COMMA = YES;
				CLANG_WARN_CONSTANT_CONVERSION = YES;
				CLANG_WARN_DEPRECATED_OBJC_IMPLEMENTATIONS = YES;
				CLANG_WARN_DIRECT_OBJC_ISA_USAGE = YES_ERROR;
				CLANG_WARN_DOCUMENTATION_COMMENTS = YES;
				CLANG_WARN_EMPTY_BODY = YES;
				CLANG_WARN_ENUM_CONVERSION = YES;
				CLANG_WARN_INFINITE_RECURSION = YES;
				CLANG_WARN_INT_CONVERSION = YES;
				CLANG_WARN_NON_LITERAL_NULL_CONVERSION = YES;
				CLANG_WARN_OBJC_IMPLICIT_RETAIN_SELF = YES;
				CLANG_WARN_OBJC_LITERAL_CONVERSION = YES;
				CLANG_WARN_OBJC_ROOT_CLASS = YES_ERROR;
				CLANG_WARN_QUOTED_INCLUDE_IN_FRAMEWORK_HEADER = YES;
				CLANG_WARN_RANGE_LOOP_ANALYSIS = YES;
				CLANG_WARN_STRICT_PROTOTYPES = YES;
				CLANG_WARN_SUSPICIOUS_MOVE = YES;
				CLANG_WARN_UNGUARDED_AVAILABILITY = YES_AGGRESSIVE;
				CLANG_WARN_UNREACHABLE_CODE = YES;
				CLANG_WARN__DUPLICATE_METHOD_MATCH = YES;
				COPY_PHASE_STRIP = NO;
				DEBUG_INFORMATION_FORMAT = dwarf;
				ENABLE_STRICT_OBJC_MSGSEND = YES;
				ENABLE_TESTABILITY = YES;
				ENABLE_USER_SCRIPT_SANDBOXING = YES;
				GCC_C_LANGUAGE_STANDARD = gnu11;
				GCC_DYNAMIC_NO_PIC = NO;
				GCC_NO_COMMON_BLOCKS = YES;
				GCC_OPTIMIZATION_LEVEL = 0;
				GCC_PREPROCESSOR_DEFINITIONS = (
					"DEBUG=1",
					"$(inherited)",
				);
				GCC_WARN_64_TO_32_BIT_CONVERSION = YES;
				GCC_WARN_ABOUT_RETURN_TYPE = YES_ERROR;
				GCC_WARN_UNDECLARED_SELECTOR = YES;
				GCC_WARN_UNINITIALIZED_AUTOS = YES_AGGRESSIVE;
				GCC_WARN_UNUSED_FUNCTION = YES;
				GCC_WARN_UNUSED_VARIABLE = YES;
				IPHONEOS_DEPLOYMENT_TARGET = 17.0;
				MTL_ENABLE_DEBUG_INFO = INCLUDE_SOURCE;
				MTL_FAST_MATH = YES;
				ONLY_ACTIVE_ARCH = YES;
				SDKROOT = iphoneos;
				SWIFT_ACTIVE_COMPILATION_CONDITIONS = DEBUG;
				SWIFT_OPTIMIZATION_LEVEL = "-Onone";
			};
			name = Debug;
		};
		7A1074842908C01B00C13362 /* Release */ = {
			isa = XCBuildConfiguration;
			buildSettings = {
				ALWAYS_SEARCH_USER_PATHS = NO;
				ASSETCATALOG_COMPILER_GENERATE_SWIFT_ASSET_SYMBOL_EXTENSIONS = YES;
				CLANG_ANALYZER_NONNULL = YES;
				CLANG_ANALYZER_NUMBER_OBJECT_CONVERSION = YES_AGGRESSIVE;
				CLANG_CXX_LANGUAGE_STANDARD = "gnu++20";
				CLANG_ENABLE_MODULES = YES;
				CLANG_ENABLE_OBJC_ARC = YES;
				CLANG_ENABLE_OBJC_WEAK = YES;
				CLANG_WARN_BLOCK_CAPTURE_AUTORELEASING = YES;
				CLANG_WARN_BOOL_CONVERSION = YES;
				CLANG_WARN_COMMA = YES;
				CLANG_WARN_CONSTANT_CONVERSION = YES;
				CLANG_WARN_DEPRECATED_OBJC_IMPLEMENTATIONS = YES;
				CLANG_WARN_DIRECT_OBJC_ISA_USAGE = YES_ERROR;
				CLANG_WARN_DOCUMENTATION_COMMENTS = YES;
				CLANG_WARN_EMPTY_BODY = YES;
				CLANG_WARN_ENUM_CONVERSION = YES;
				CLANG_WARN_INFINITE_RECURSION = YES;
				CLANG_WARN_INT_CONVERSION = YES;
				CLANG_WARN_NON_LITERAL_NULL_CONVERSION = YES;
				CLANG_WARN_OBJC_IMPLICIT_RETAIN_SELF = YES;
				CLANG_WARN_OBJC_LITERAL_CONVERSION = YES;
				CLANG_WARN_OBJC_ROOT_CLASS = YES_ERROR;
				CLANG_WARN_QUOTED_INCLUDE_IN_FRAMEWORK_HEADER = YES;
				CLANG_WARN_RANGE_LOOP_ANALYSIS = YES;
				CLANG_WARN_STRICT_PROTOTYPES = YES;
				CLANG_WARN_SUSPICIOUS_MOVE = YES;
				CLANG_WARN_UNGUARDED_AVAILABILITY = YES_AGGRESSIVE;
				CLANG_WARN_UNREACHABLE_CODE = YES;
				CLANG_WARN__DUPLICATE_METHOD_MATCH = YES;
				COPY_PHASE_STRIP = NO;
				DEBUG_INFORMATION_FORMAT = "dwarf-with-dsym";
				ENABLE_NS_ASSERTIONS = NO;
				ENABLE_STRICT_OBJC_MSGSEND = YES;
				ENABLE_USER_SCRIPT_SANDBOXING = YES;
				GCC_C_LANGUAGE_STANDARD = gnu11;
				GCC_NO_COMMON_BLOCKS = YES;
				GCC_WARN_64_TO_32_BIT_CONVERSION = YES;
				GCC_WARN_ABOUT_RETURN_TYPE = YES_ERROR;
				GCC_WARN_UNDECLARED_SELECTOR = YES;
				GCC_WARN_UNINITIALIZED_AUTOS = YES_AGGRESSIVE;
				GCC_WARN_UNUSED_FUNCTION = YES;
				GCC_WARN_UNUSED_VARIABLE = YES;
				IPHONEOS_DEPLOYMENT_TARGET = 17.0;
				MTL_ENABLE_DEBUG_INFO = NO;
				MTL_FAST_MATH = YES;
				SDKROOT = iphoneos;
				SWIFT_COMPILATION_MODE = wholemodule;
				SWIFT_OPTIMIZATION_LEVEL = "-O";
				VALIDATE_PRODUCT = YES;
			};
			name = Release;
		};
		7A1074862908C01B00C13362 /* Debug */ = {
			isa = XCBuildConfiguration;
			buildSettings = {
				ASSETCATALOG_COMPILER_APPICON_NAME = AppIcon;
				ASSETCATALOG_COMPILER_GLOBAL_ACCENT_COLOR_NAME = AccentColor;
				CODE_SIGN_STYLE = Manual;
				CURRENT_PROJECT_VERSION = 1;
				DEVELOPMENT_TEAM = "";
				GENERATE_INFOPLIST_FILE = YES;
				INFOPLIST_FILE = SwiftCodeBook/Info.plist;
				INFOPLIST_KEY_UIApplicationSupportsIndirectInputEvents = YES;
				INFOPLIST_KEY_UILaunchStoryboardName = LaunchScreen;
				INFOPLIST_KEY_UIMainStoryboardFile = Main;
				INFOPLIST_KEY_UISupportedInterfaceOrientations_iPad = "UIInterfaceOrientationPortrait UIInterfaceOrientationPortraitUpsideDown UIInterfaceOrientationLandscapeLeft UIInterfaceOrientationLandscapeRight";
				INFOPLIST_KEY_UISupportedInterfaceOrientations_iPhone = "UIInterfaceOrientationPortrait UIInterfaceOrientationLandscapeLeft UIInterfaceOrientationLandscapeRight";
				IPHONEOS_DEPLOYMENT_TARGET = 18.0;
				LD_RUNPATH_SEARCH_PATHS = (
					"$(inherited)",
					"@executable_path/Frameworks",
				);
				MARKETING_VERSION = 1.0;
				PRODUCT_BUNDLE_IDENTIFIER = SwiftCodeBook.SwiftCodeBook;
				PRODUCT_NAME = "$(TARGET_NAME)";
				PROVISIONING_PROFILE_SPECIFIER = "";
				SWIFT_EMIT_LOC_STRINGS = YES;
				SWIFT_VERSION = 5.0;
				TARGETED_DEVICE_FAMILY = "1,2";
			};
			name = Debug;
		};
		7A1074872908C01B00C13362 /* Release */ = {
			isa = XCBuildConfiguration;
			buildSettings = {
				ASSETCATALOG_COMPILER_APPICON_NAME = AppIcon;
				ASSETCATALOG_COMPILER_GLOBAL_ACCENT_COLOR_NAME = AccentColor;
				CODE_SIGN_STYLE = Manual;
				CURRENT_PROJECT_VERSION = 1;
				DEVELOPMENT_TEAM = "";
				GENERATE_INFOPLIST_FILE = YES;
				INFOPLIST_FILE = SwiftCodeBook/Info.plist;
				INFOPLIST_KEY_UIApplicationSupportsIndirectInputEvents = YES;
				INFOPLIST_KEY_UILaunchStoryboardName = LaunchScreen;
				INFOPLIST_KEY_UIMainStoryboardFile = Main;
				INFOPLIST_KEY_UISupportedInterfaceOrientations_iPad = "UIInterfaceOrientationPortrait UIInterfaceOrientationPortraitUpsideDown UIInterfaceOrientationLandscapeLeft UIInterfaceOrientationLandscapeRight";
				INFOPLIST_KEY_UISupportedInterfaceOrientations_iPhone = "UIInterfaceOrientationPortrait UIInterfaceOrientationLandscapeLeft UIInterfaceOrientationLandscapeRight";
				IPHONEOS_DEPLOYMENT_TARGET = 18.0;
				LD_RUNPATH_SEARCH_PATHS = (
					"$(inherited)",
					"@executable_path/Frameworks",
				);
				MARKETING_VERSION = 1.0;
				PRODUCT_BUNDLE_IDENTIFIER = SwiftCodeBook.SwiftCodeBook;
				PRODUCT_NAME = "$(TARGET_NAME)";
				PROVISIONING_PROFILE_SPECIFIER = "";
				SWIFT_EMIT_LOC_STRINGS = YES;
				SWIFT_VERSION = 5.0;
				TARGETED_DEVICE_FAMILY = "1,2";
			};
			name = Release;
		};
/* End XCBuildConfiguration section */

/* Begin XCConfigurationList section */
		7A10746C2908C01900C13362 /* Build configuration list for PBXProject "SwiftCodeBook" */ = {
			isa = XCConfigurationList;
			buildConfigurations = (
				7A1074832908C01B00C13362 /* Debug */,
				7A1074842908C01B00C13362 /* Release */,
			);
			defaultConfigurationIsVisible = 0;
			defaultConfigurationName = Release;
		};
		7A1074852908C01B00C13362 /* Build configuration list for PBXNativeTarget "SwiftCodeBook" */ = {
			isa = XCConfigurationList;
			buildConfigurations = (
				7A1074862908C01B00C13362 /* Debug */,
				7A1074872908C01B00C13362 /* Release */,
			);
			defaultConfigurationIsVisible = 0;
			defaultConfigurationName = Release;
		};
/* End XCConfigurationList section */
	};
	rootObject = 7A1074692908C01900C13362 /* Project object */;
}
